{
  "object": {
    "pins": [
      {
        "package": "SwiftPrint",
        "repositoryURL": "https://github.com/optionaldev/SwiftPrint",
        "state": {
          "branch": null,
          "revision": "58d4b03ee9ff694015d6f3207761e0af5cc30e38",
          "version": "1.1.0"
        }
      }
    ]
  },
  "version": 1
}
