// !$*UTF8*$!
{
	archiveVersion = 1;
	classes = {
	};
	objectVersion = 52;
	objects = {

/* Begin PBXBuildFile section */
		6E076A2426016E8D00043E35 /* MacHomeView.swift in Sources */ = {isa = PBXBuildFile; fileRef = 6E076A2326016E8D00043E35 /* MacHomeView.swift */; };
		6E07D51825D971AF00310B17 /* SideMenuView.swift in Sources */ = {isa = PBXBuildFile; fileRef = 6E07D51725D971AF00310B17 /* SideMenuView.swift */; };
		6E07D52725D9751D00310B17 /* Defaults.swift in Sources */ = {isa = PBXBuildFile; fileRef = 6E07D52625D9751D00310B17 /* Defaults.swift */; };
		6E07D52825D9751D00310B17 /* Defaults.swift in Sources */ = {isa = PBXBuildFile; fileRef = 6E07D52625D9751D00310B17 /* Defaults.swift */; };
		6E07D52F25D975B900310B17 /* iOSDefaults.swift in Sources */ = {isa = PBXBuildFile; fileRef = 6E07D52E25D975B900310B17 /* iOSDefaults.swift */; };
		6E07D53A25D975DF00310B17 /* MacDefaults.swift in Sources */ = {isa = PBXBuildFile; fileRef = 6E07D53925D975DF00310B17 /* MacDefaults.swift */; };
		6E07D54B25D9774800310B17 /* Storable.swift in Sources */ = {isa = PBXBuildFile; fileRef = 6E07D54A25D9774800310B17 /* Storable.swift */; };
		6E07D54C25D9774800310B17 /* Storable.swift in Sources */ = {isa = PBXBuildFile; fileRef = 6E07D54A25D9774800310B17 /* Storable.swift */; };
		6E07D56225D988AC00310B17 /* MacDefaultsKeys.swift in Sources */ = {isa = PBXBuildFile; fileRef = 6E07D56125D988AC00310B17 /* MacDefaultsKeys.swift */; };
		6E0ECD462604CB4100AA223A /* PickChallengeBody.swift in Sources */ = {isa = PBXBuildFile; fileRef = 6E0ECD452604CB4100AA223A /* PickChallengeBody.swift */; };
		6E0ECD472604CB4100AA223A /* PickChallengeBody.swift in Sources */ = {isa = PBXBuildFile; fileRef = 6E0ECD452604CB4100AA223A /* PickChallengeBody.swift */; };
		6E10FF6925DDE41F00F8EDBD /* UrlBuilder.swift in Sources */ = {isa = PBXBuildFile; fileRef = 6E10FF6825DDE41F00F8EDBD /* UrlBuilder.swift */; };
		6E10FF6A25DDE41F00F8EDBD /* UrlBuilder.swift in Sources */ = {isa = PBXBuildFile; fileRef = 6E10FF6825DDE41F00F8EDBD /* UrlBuilder.swift */; };
		6E112BA925E717BF005CE59B /* Logger.swift in Sources */ = {isa = PBXBuildFile; fileRef = 6E112BA825E717BF005CE59B /* Logger.swift */; };
		6E112BAA25E717BF005CE59B /* Logger.swift in Sources */ = {isa = PBXBuildFile; fileRef = 6E112BA825E717BF005CE59B /* Logger.swift */; };
		6E14EB8B25F61285008800C6 /* PickChallengeView.swift in Sources */ = {isa = PBXBuildFile; fileRef = 6E14EB8A25F61285008800C6 /* PickChallengeView.swift */; };
		6E14EB8C25F61285008800C6 /* PickChallengeView.swift in Sources */ = {isa = PBXBuildFile; fileRef = 6E14EB8A25F61285008800C6 /* PickChallengeView.swift */; };
		6E14EB9225F612B9008800C6 /* PickChallengeViewModel.swift in Sources */ = {isa = PBXBuildFile; fileRef = 6E14EB9125F612B9008800C6 /* PickChallengeViewModel.swift */; };
		6E14EB9325F612B9008800C6 /* PickChallengeViewModel.swift in Sources */ = {isa = PBXBuildFile; fileRef = 6E14EB9125F612B9008800C6 /* PickChallengeViewModel.swift */; };
		6E14EB9925F61412008800C6 /* NavigationLazyView.swift in Sources */ = {isa = PBXBuildFile; fileRef = 6E14EB9825F61412008800C6 /* NavigationLazyView.swift */; };
		6E14EB9A25F61412008800C6 /* NavigationLazyView.swift in Sources */ = {isa = PBXBuildFile; fileRef = 6E14EB9825F61412008800C6 /* NavigationLazyView.swift */; };
		6E14EBAB25F616C1008800C6 /* ChallengeProtocol.swift in Sources */ = {isa = PBXBuildFile; fileRef = 6E14EBAA25F616C1008800C6 /* ChallengeProtocol.swift */; };
		6E14EBAC25F616C1008800C6 /* ChallengeProtocol.swift in Sources */ = {isa = PBXBuildFile; fileRef = 6E14EBAA25F616C1008800C6 /* ChallengeProtocol.swift */; };
		6E18FC2625D73E1E00EEEB42 /* StringExtension.swift in Sources */ = {isa = PBXBuildFile; fileRef = 6E18FC2525D73E1E00EEEB42 /* StringExtension.swift */; };
		6E18FC2725D73E1E00EEEB42 /* StringExtension.swift in Sources */ = {isa = PBXBuildFile; fileRef = 6E18FC2525D73E1E00EEEB42 /* StringExtension.swift */; };
		6E18FC3125D73E3D00EEEB42 /* CharacterExtension.swift in Sources */ = {isa = PBXBuildFile; fileRef = 6E18FC3025D73E3D00EEEB42 /* CharacterExtension.swift */; };
		6E18FC3225D73E3D00EEEB42 /* CharacterExtension.swift in Sources */ = {isa = PBXBuildFile; fileRef = 6E18FC3025D73E3D00EEEB42 /* CharacterExtension.swift */; };
		6E1BA93425FA07BD00D64435 /* ArrayExtension.swift in Sources */ = {isa = PBXBuildFile; fileRef = 6E1BA93325FA07BD00D64435 /* ArrayExtension.swift */; };
		6E1BA93525FA07BD00D64435 /* ArrayExtension.swift in Sources */ = {isa = PBXBuildFile; fileRef = 6E1BA93325FA07BD00D64435 /* ArrayExtension.swift */; };
		6E1E8AA725F8B694008839BA /* Entry.swift in Sources */ = {isa = PBXBuildFile; fileRef = 6E1E8AA625F8B694008839BA /* Entry.swift */; };
		6E1E8AA825F8B694008839BA /* Entry.swift in Sources */ = {isa = PBXBuildFile; fileRef = 6E1E8AA625F8B694008839BA /* Entry.swift */; };
		6E23CD0626041E9A00D022B2 /* MatrixView.swift in Sources */ = {isa = PBXBuildFile; fileRef = 6E23CD0526041E9A00D022B2 /* MatrixView.swift */; };
		6E23CD0726041E9A00D022B2 /* MatrixView.swift in Sources */ = {isa = PBXBuildFile; fileRef = 6E23CD0526041E9A00D022B2 /* MatrixView.swift */; };
		6E24753525E867A900AC64B9 /* LexiconRequest.swift in Sources */ = {isa = PBXBuildFile; fileRef = 6E24753425E867A900AC64B9 /* LexiconRequest.swift */; };
		6E24753625E867A900AC64B9 /* LexiconRequest.swift in Sources */ = {isa = PBXBuildFile; fileRef = 6E24753425E867A900AC64B9 /* LexiconRequest.swift */; };
		6E275D0625F61A2E00617262 /* Representation.swift in Sources */ = {isa = PBXBuildFile; fileRef = 6E275D0525F61A2E00617262 /* Representation.swift */; };
		6E275D0725F61A2E00617262 /* Representation.swift in Sources */ = {isa = PBXBuildFile; fileRef = 6E275D0525F61A2E00617262 /* Representation.swift */; };
		6E275D1625F7738D00617262 /* PickChallenge.swift in Sources */ = {isa = PBXBuildFile; fileRef = 6E275D1525F7738D00617262 /* PickChallenge.swift */; };
		6E275D1725F7738D00617262 /* PickChallenge.swift in Sources */ = {isa = PBXBuildFile; fileRef = 6E275D1525F7738D00617262 /* PickChallenge.swift */; };
		6E275D1D25F774B700617262 /* PickChallengeState.swift in Sources */ = {isa = PBXBuildFile; fileRef = 6E275D1C25F774B700617262 /* PickChallengeState.swift */; };
		6E275D1E25F774B700617262 /* PickChallengeState.swift in Sources */ = {isa = PBXBuildFile; fileRef = 6E275D1C25F774B700617262 /* PickChallengeState.swift */; };
		6E2B22DA25DC899F001B8A77 /* Network.swift in Sources */ = {isa = PBXBuildFile; fileRef = 6E2B22D925DC899F001B8A77 /* Network.swift */; };
		6E2B22DB25DC899F001B8A77 /* Network.swift in Sources */ = {isa = PBXBuildFile; fileRef = 6E2B22D925DC899F001B8A77 /* Network.swift */; };
		6E522F3B25F4079D00DA229C /* Persistence.swift in Sources */ = {isa = PBXBuildFile; fileRef = 6E522F3A25F4079D00DA229C /* Persistence.swift */; };
		6E522F3C25F4079D00DA229C /* Persistence.swift in Sources */ = {isa = PBXBuildFile; fileRef = 6E522F3A25F4079D00DA229C /* Persistence.swift */; };
		6E55549525D2026A000565F2 /* Tab.swift in Sources */ = {isa = PBXBuildFile; fileRef = 6E55549425D2026A000565F2 /* Tab.swift */; };
		6E55549625D2026A000565F2 /* Tab.swift in Sources */ = {isa = PBXBuildFile; fileRef = 6E55549425D2026A000565F2 /* Tab.swift */; };
		6E55549C25D20674000565F2 /* PhoneTabView.swift in Sources */ = {isa = PBXBuildFile; fileRef = 6E55549B25D20674000565F2 /* PhoneTabView.swift */; };
		6E5D631425EEFB4E0062E564 /* HomeView.swift in Sources */ = {isa = PBXBuildFile; fileRef = 6E5D631325EEFB4E0062E564 /* HomeView.swift */; };
		6E5D631525EEFB4E0062E564 /* HomeView.swift in Sources */ = {isa = PBXBuildFile; fileRef = 6E5D631325EEFB4E0062E564 /* HomeView.swift */; };
		6E5D631B25EEFB580062E564 /* HomeViewModel.swift in Sources */ = {isa = PBXBuildFile; fileRef = 6E5D631A25EEFB580062E564 /* HomeViewModel.swift */; };
		6E5D631C25EEFB580062E564 /* HomeViewModel.swift in Sources */ = {isa = PBXBuildFile; fileRef = 6E5D631A25EEFB580062E564 /* HomeViewModel.swift */; };
		6E675E8025CEFE1B002D8D98 /* Tests_iOS.swift in Sources */ = {isa = PBXBuildFile; fileRef = 6E675E7F25CEFE1B002D8D98 /* Tests_iOS.swift */; };
		6E675E8B25CEFE1B002D8D98 /* Tests_macOS.swift in Sources */ = {isa = PBXBuildFile; fileRef = 6E675E8A25CEFE1B002D8D98 /* Tests_macOS.swift */; };
		6E675E8F25CEFE1B002D8D98 /* LanguagePracticeApp.swift in Sources */ = {isa = PBXBuildFile; fileRef = 6E675E6325CEFE1A002D8D98 /* LanguagePracticeApp.swift */; };
		6E675E9025CEFE1B002D8D98 /* LanguagePracticeApp.swift in Sources */ = {isa = PBXBuildFile; fileRef = 6E675E6325CEFE1A002D8D98 /* LanguagePracticeApp.swift */; };
		6E675E9525CEFE1B002D8D98 /* Assets.xcassets in Resources */ = {isa = PBXBuildFile; fileRef = 6E675E6625CEFE1B002D8D98 /* Assets.xcassets */; };
		6E675E9625CEFE1B002D8D98 /* Assets.xcassets in Resources */ = {isa = PBXBuildFile; fileRef = 6E675E6625CEFE1B002D8D98 /* Assets.xcassets */; };
		6E8C0DC225D34E1E006C399E /* ChallengeType.swift in Sources */ = {isa = PBXBuildFile; fileRef = 6E8C0DC125D34E1E006C399E /* ChallengeType.swift */; };
		6E8C0DC325D34E1E006C399E /* ChallengeType.swift in Sources */ = {isa = PBXBuildFile; fileRef = 6E8C0DC125D34E1E006C399E /* ChallengeType.swift */; };
		6E8C0DC925D34E6B006C399E /* Language.swift in Sources */ = {isa = PBXBuildFile; fileRef = 6E8C0DC825D34E6B006C399E /* Language.swift */; };
		6E8C0DCA25D34E6B006C399E /* Language.swift in Sources */ = {isa = PBXBuildFile; fileRef = 6E8C0DC825D34E6B006C399E /* Language.swift */; };
		6E96204A25F23EC200E4278B /* SwiftPrint in Frameworks */ = {isa = PBXBuildFile; productRef = 6E96204925F23EC200E4278B /* SwiftPrint */; };
		6E96205025F24EA200E4278B /* DefaultsProtocol.swift in Sources */ = {isa = PBXBuildFile; fileRef = 6E96204F25F24EA200E4278B /* DefaultsProtocol.swift */; };
		6E96205125F24EA200E4278B /* DefaultsProtocol.swift in Sources */ = {isa = PBXBuildFile; fileRef = 6E96204F25F24EA200E4278B /* DefaultsProtocol.swift */; };
		6E96205B25F24F4400E4278B /* SwiftPrint in Frameworks */ = {isa = PBXBuildFile; productRef = 6E96205A25F24F4400E4278B /* SwiftPrint */; };
		6E9BADB0260029E900E32924 /* Screen.swift in Sources */ = {isa = PBXBuildFile; fileRef = 6E9BADAF260029E900E32924 /* Screen.swift */; };
		6EB3818025D5D5DA00114B83 /* Speech.swift in Sources */ = {isa = PBXBuildFile; fileRef = 6EB3817F25D5D5DA00114B83 /* Speech.swift */; };
		6EB3818125D5D5DA00114B83 /* Speech.swift in Sources */ = {isa = PBXBuildFile; fileRef = 6EB3817F25D5D5DA00114B83 /* Speech.swift */; };
		6EB3818C25D5D5FF00114B83 /* Voices.swift in Sources */ = {isa = PBXBuildFile; fileRef = 6EB3818B25D5D5FF00114B83 /* Voices.swift */; };
		6EB3818D25D5D5FF00114B83 /* Voices.swift in Sources */ = {isa = PBXBuildFile; fileRef = 6EB3818B25D5D5FF00114B83 /* Voices.swift */; };
		6EB3819725D5D68900114B83 /* VoiceHandler.swift in Sources */ = {isa = PBXBuildFile; fileRef = 6EB3819625D5D68900114B83 /* VoiceHandler.swift */; };
		6EB3819825D5D68900114B83 /* VoiceHandler.swift in Sources */ = {isa = PBXBuildFile; fileRef = 6EB3819625D5D68900114B83 /* VoiceHandler.swift */; };
		6EB381A625D5D70900114B83 /* SpeechBlacklist.swift in Sources */ = {isa = PBXBuildFile; fileRef = 6EB381A525D5D70900114B83 /* SpeechBlacklist.swift */; };
		6EB381A725D5D70900114B83 /* SpeechBlacklist.swift in Sources */ = {isa = PBXBuildFile; fileRef = 6EB381A525D5D70900114B83 /* SpeechBlacklist.swift */; };
		6EC81A9D260AB1400029854B /* ImageCache.swift in Sources */ = {isa = PBXBuildFile; fileRef = 6EC81A9C260AB1400029854B /* ImageCache.swift */; };
		6EC81A9E260AB1400029854B /* ImageCache.swift in Sources */ = {isa = PBXBuildFile; fileRef = 6EC81A9C260AB1400029854B /* ImageCache.swift */; };
		6EE81CA925D89D6800667CE5 /* Lexicon.swift in Sources */ = {isa = PBXBuildFile; fileRef = 6EE81CA825D89D6800667CE5 /* Lexicon.swift */; };
		6EE81CAA25D89D6800667CE5 /* Lexicon.swift in Sources */ = {isa = PBXBuildFile; fileRef = 6EE81CA825D89D6800667CE5 /* Lexicon.swift */; };
		6EE81CB125D89DCA00667CE5 /* EnglishLexicon.swift in Sources */ = {isa = PBXBuildFile; fileRef = 6EE81CB025D89DCA00667CE5 /* EnglishLexicon.swift */; };
		6EE81CB225D89DCA00667CE5 /* EnglishLexicon.swift in Sources */ = {isa = PBXBuildFile; fileRef = 6EE81CB025D89DCA00667CE5 /* EnglishLexicon.swift */; };
		6EE81CB825D89DD900667CE5 /* ForeignLexicon.swift in Sources */ = {isa = PBXBuildFile; fileRef = 6EE81CB725D89DD900667CE5 /* ForeignLexicon.swift */; };
		6EE81CB925D89DD900667CE5 /* ForeignLexicon.swift in Sources */ = {isa = PBXBuildFile; fileRef = 6EE81CB725D89DD900667CE5 /* ForeignLexicon.swift */; };
		6EE81CC925D89E4E00667CE5 /* ForeignNoun.swift in Sources */ = {isa = PBXBuildFile; fileRef = 6EE81CC825D89E4E00667CE5 /* ForeignNoun.swift */; };
		6EE81CCA25D89E4E00667CE5 /* ForeignNoun.swift in Sources */ = {isa = PBXBuildFile; fileRef = 6EE81CC825D89E4E00667CE5 /* ForeignNoun.swift */; };
		6EE81CD025D89E7F00667CE5 /* ForeignWord.swift in Sources */ = {isa = PBXBuildFile; fileRef = 6EE81CCF25D89E7F00667CE5 /* ForeignWord.swift */; };
		6EE81CD125D89E7F00667CE5 /* ForeignWord.swift in Sources */ = {isa = PBXBuildFile; fileRef = 6EE81CCF25D89E7F00667CE5 /* ForeignWord.swift */; };
		6EE81CD725D89E9300667CE5 /* Word.swift in Sources */ = {isa = PBXBuildFile; fileRef = 6EE81CD625D89E9300667CE5 /* Word.swift */; };
		6EE81CD825D89E9300667CE5 /* Word.swift in Sources */ = {isa = PBXBuildFile; fileRef = 6EE81CD625D89E9300667CE5 /* Word.swift */; };
		6EE81CDE25D89EAB00667CE5 /* EnglishNoun.swift in Sources */ = {isa = PBXBuildFile; fileRef = 6EE81CDD25D89EAB00667CE5 /* EnglishNoun.swift */; };
		6EE81CDF25D89EAB00667CE5 /* EnglishNoun.swift in Sources */ = {isa = PBXBuildFile; fileRef = 6EE81CDD25D89EAB00667CE5 /* EnglishNoun.swift */; };
		6EE81CE525D89EC000667CE5 /* EnglishWord.swift in Sources */ = {isa = PBXBuildFile; fileRef = 6EE81CE425D89EC000667CE5 /* EnglishWord.swift */; };
		6EE81CE625D89EC000667CE5 /* EnglishWord.swift in Sources */ = {isa = PBXBuildFile; fileRef = 6EE81CE425D89EC000667CE5 /* EnglishWord.swift */; };
		6EEAF94A260B2EE4005EE9CC /* ImageExtension.swift in Sources */ = {isa = PBXBuildFile; fileRef = 6EEAF949260B2EE4005EE9CC /* ImageExtension.swift */; };
		6EEAF94B260B2EE4005EE9CC /* ImageExtension.swift in Sources */ = {isa = PBXBuildFile; fileRef = 6EEAF949260B2EE4005EE9CC /* ImageExtension.swift */; };
		6EF4E3E025D4A47A00CDCC40 /* AppConstants.swift in Sources */ = {isa = PBXBuildFile; fileRef = 6EF4E3DF25D4A47A00CDCC40 /* AppConstants.swift */; };
		6EF4E3E125D4A47A00CDCC40 /* AppConstants.swift in Sources */ = {isa = PBXBuildFile; fileRef = 6EF4E3DF25D4A47A00CDCC40 /* AppConstants.swift */; };
		6EF4E3E725D4A48D00CDCC40 /* Hiragana.swift in Sources */ = {isa = PBXBuildFile; fileRef = 6EF4E3E625D4A48D00CDCC40 /* Hiragana.swift */; };
		6EF4E3E825D4A48D00CDCC40 /* Hiragana.swift in Sources */ = {isa = PBXBuildFile; fileRef = 6EF4E3E625D4A48D00CDCC40 /* Hiragana.swift */; };
		6EF4E3EE25D4A49F00CDCC40 /* HiraganaRow.swift in Sources */ = {isa = PBXBuildFile; fileRef = 6EF4E3ED25D4A49F00CDCC40 /* HiraganaRow.swift */; };
		6EF4E3EF25D4A49F00CDCC40 /* HiraganaRow.swift in Sources */ = {isa = PBXBuildFile; fileRef = 6EF4E3ED25D4A49F00CDCC40 /* HiraganaRow.swift */; };
		6EF4E3F525D4A4CC00CDCC40 /* JapaneseCharacter.swift in Sources */ = {isa = PBXBuildFile; fileRef = 6EF4E3F425D4A4CC00CDCC40 /* JapaneseCharacter.swift */; };
		6EF4E3F625D4A4CC00CDCC40 /* JapaneseCharacter.swift in Sources */ = {isa = PBXBuildFile; fileRef = 6EF4E3F425D4A4CC00CDCC40 /* JapaneseCharacter.swift */; };
		6EF6178125EF910C0027354F /* DefaultsKeys.swift in Sources */ = {isa = PBXBuildFile; fileRef = 6EF6178025EF910C0027354F /* DefaultsKeys.swift */; };
		6EF6178225EF910C0027354F /* DefaultsKeys.swift in Sources */ = {isa = PBXBuildFile; fileRef = 6EF6178025EF910C0027354F /* DefaultsKeys.swift */; };
/* End PBXBuildFile section */

/* Begin PBXContainerItemProxy section */
		6E675E7C25CEFE1B002D8D98 /* PBXContainerItemProxy */ = {
			isa = PBXContainerItemProxy;
			containerPortal = 6E675E5C25CEFE1A002D8D98 /* Project object */;
			proxyType = 1;
			remoteGlobalIDString = 6E675E6A25CEFE1B002D8D98;
			remoteInfo = "LanguagePractice (iOS)";
		};
		6E675E8725CEFE1B002D8D98 /* PBXContainerItemProxy */ = {
			isa = PBXContainerItemProxy;
			containerPortal = 6E675E5C25CEFE1A002D8D98 /* Project object */;
			proxyType = 1;
			remoteGlobalIDString = 6E675E7225CEFE1B002D8D98;
			remoteInfo = "LanguagePractice (macOS)";
		};
/* End PBXContainerItemProxy section */

/* Begin PBXFileReference section */
		6E076A2326016E8D00043E35 /* MacHomeView.swift */ = {isa = PBXFileReference; lastKnownFileType = sourcecode.swift; path = MacHomeView.swift; sourceTree = "<group>"; };
		6E07D51725D971AF00310B17 /* SideMenuView.swift */ = {isa = PBXFileReference; lastKnownFileType = sourcecode.swift; path = SideMenuView.swift; sourceTree = "<group>"; };
		6E07D52625D9751D00310B17 /* Defaults.swift */ = {isa = PBXFileReference; lastKnownFileType = sourcecode.swift; path = Defaults.swift; sourceTree = "<group>"; };
		6E07D52E25D975B900310B17 /* iOSDefaults.swift */ = {isa = PBXFileReference; lastKnownFileType = sourcecode.swift; path = iOSDefaults.swift; sourceTree = "<group>"; };
		6E07D53925D975DF00310B17 /* MacDefaults.swift */ = {isa = PBXFileReference; lastKnownFileType = sourcecode.swift; path = MacDefaults.swift; sourceTree = "<group>"; };
		6E07D54A25D9774800310B17 /* Storable.swift */ = {isa = PBXFileReference; lastKnownFileType = sourcecode.swift; path = Storable.swift; sourceTree = "<group>"; };
		6E07D56125D988AC00310B17 /* MacDefaultsKeys.swift */ = {isa = PBXFileReference; lastKnownFileType = sourcecode.swift; path = MacDefaultsKeys.swift; sourceTree = "<group>"; };
		6E0ECD452604CB4100AA223A /* PickChallengeBody.swift */ = {isa = PBXFileReference; lastKnownFileType = sourcecode.swift; path = PickChallengeBody.swift; sourceTree = "<group>"; };
		6E10FF6825DDE41F00F8EDBD /* UrlBuilder.swift */ = {isa = PBXFileReference; lastKnownFileType = sourcecode.swift; path = UrlBuilder.swift; sourceTree = "<group>"; };
		6E112BA825E717BF005CE59B /* Logger.swift */ = {isa = PBXFileReference; lastKnownFileType = sourcecode.swift; path = Logger.swift; sourceTree = "<group>"; };
		6E14EB8A25F61285008800C6 /* PickChallengeView.swift */ = {isa = PBXFileReference; lastKnownFileType = sourcecode.swift; path = PickChallengeView.swift; sourceTree = "<group>"; };
		6E14EB9125F612B9008800C6 /* PickChallengeViewModel.swift */ = {isa = PBXFileReference; lastKnownFileType = sourcecode.swift; path = PickChallengeViewModel.swift; sourceTree = "<group>"; };
		6E14EB9825F61412008800C6 /* NavigationLazyView.swift */ = {isa = PBXFileReference; lastKnownFileType = sourcecode.swift; path = NavigationLazyView.swift; sourceTree = "<group>"; };
		6E14EBAA25F616C1008800C6 /* ChallengeProtocol.swift */ = {isa = PBXFileReference; lastKnownFileType = sourcecode.swift; path = ChallengeProtocol.swift; sourceTree = "<group>"; };
		6E18FC2525D73E1E00EEEB42 /* StringExtension.swift */ = {isa = PBXFileReference; lastKnownFileType = sourcecode.swift; path = StringExtension.swift; sourceTree = "<group>"; };
		6E18FC3025D73E3D00EEEB42 /* CharacterExtension.swift */ = {isa = PBXFileReference; lastKnownFileType = sourcecode.swift; path = CharacterExtension.swift; sourceTree = "<group>"; };
		6E1BA93325FA07BD00D64435 /* ArrayExtension.swift */ = {isa = PBXFileReference; lastKnownFileType = sourcecode.swift; path = ArrayExtension.swift; sourceTree = "<group>"; };
		6E1E8AA625F8B694008839BA /* Entry.swift */ = {isa = PBXFileReference; lastKnownFileType = sourcecode.swift; path = Entry.swift; sourceTree = "<group>"; };
		6E23CD0526041E9A00D022B2 /* MatrixView.swift */ = {isa = PBXFileReference; lastKnownFileType = sourcecode.swift; path = MatrixView.swift; sourceTree = "<group>"; };
		6E24753425E867A900AC64B9 /* LexiconRequest.swift */ = {isa = PBXFileReference; lastKnownFileType = sourcecode.swift; path = LexiconRequest.swift; sourceTree = "<group>"; };
		6E275D0525F61A2E00617262 /* Representation.swift */ = {isa = PBXFileReference; lastKnownFileType = sourcecode.swift; path = Representation.swift; sourceTree = "<group>"; };
		6E275D1525F7738D00617262 /* PickChallenge.swift */ = {isa = PBXFileReference; lastKnownFileType = sourcecode.swift; path = PickChallenge.swift; sourceTree = "<group>"; };
		6E275D1C25F774B700617262 /* PickChallengeState.swift */ = {isa = PBXFileReference; lastKnownFileType = sourcecode.swift; path = PickChallengeState.swift; sourceTree = "<group>"; };
		6E2B22D925DC899F001B8A77 /* Network.swift */ = {isa = PBXFileReference; lastKnownFileType = sourcecode.swift; path = Network.swift; sourceTree = "<group>"; };
		6E522F3A25F4079D00DA229C /* Persistence.swift */ = {isa = PBXFileReference; lastKnownFileType = sourcecode.swift; path = Persistence.swift; sourceTree = "<group>"; };
		6E55549425D2026A000565F2 /* Tab.swift */ = {isa = PBXFileReference; lastKnownFileType = sourcecode.swift; path = Tab.swift; sourceTree = "<group>"; };
		6E55549B25D20674000565F2 /* PhoneTabView.swift */ = {isa = PBXFileReference; lastKnownFileType = sourcecode.swift; path = PhoneTabView.swift; sourceTree = "<group>"; };
		6E5D631325EEFB4E0062E564 /* HomeView.swift */ = {isa = PBXFileReference; lastKnownFileType = sourcecode.swift; path = HomeView.swift; sourceTree = "<group>"; };
		6E5D631A25EEFB580062E564 /* HomeViewModel.swift */ = {isa = PBXFileReference; lastKnownFileType = sourcecode.swift; path = HomeViewModel.swift; sourceTree = "<group>"; };
		6E675E6325CEFE1A002D8D98 /* LanguagePracticeApp.swift */ = {isa = PBXFileReference; lastKnownFileType = sourcecode.swift; path = LanguagePracticeApp.swift; sourceTree = "<group>"; };
		6E675E6625CEFE1B002D8D98 /* Assets.xcassets */ = {isa = PBXFileReference; lastKnownFileType = folder.assetcatalog; path = Assets.xcassets; sourceTree = "<group>"; };
		6E675E6B25CEFE1B002D8D98 /* LanguagePractice.app */ = {isa = PBXFileReference; explicitFileType = wrapper.application; includeInIndex = 0; path = LanguagePractice.app; sourceTree = BUILT_PRODUCTS_DIR; };
		6E675E6E25CEFE1B002D8D98 /* Info.plist */ = {isa = PBXFileReference; lastKnownFileType = text.plist.xml; path = Info.plist; sourceTree = "<group>"; };
		6E675E7325CEFE1B002D8D98 /* LanguagePractice.app */ = {isa = PBXFileReference; explicitFileType = wrapper.application; includeInIndex = 0; path = LanguagePractice.app; sourceTree = BUILT_PRODUCTS_DIR; };
		6E675E7525CEFE1B002D8D98 /* Info.plist */ = {isa = PBXFileReference; lastKnownFileType = text.plist.xml; path = Info.plist; sourceTree = "<group>"; };
		6E675E7625CEFE1B002D8D98 /* macOS.entitlements */ = {isa = PBXFileReference; lastKnownFileType = text.plist.entitlements; path = macOS.entitlements; sourceTree = "<group>"; };
		6E675E7B25CEFE1B002D8D98 /* Tests iOS.xctest */ = {isa = PBXFileReference; explicitFileType = wrapper.cfbundle; includeInIndex = 0; path = "Tests iOS.xctest"; sourceTree = BUILT_PRODUCTS_DIR; };
		6E675E7F25CEFE1B002D8D98 /* Tests_iOS.swift */ = {isa = PBXFileReference; lastKnownFileType = sourcecode.swift; path = Tests_iOS.swift; sourceTree = "<group>"; };
		6E675E8125CEFE1B002D8D98 /* Info.plist */ = {isa = PBXFileReference; lastKnownFileType = text.plist.xml; path = Info.plist; sourceTree = "<group>"; };
		6E675E8625CEFE1B002D8D98 /* Tests macOS.xctest */ = {isa = PBXFileReference; explicitFileType = wrapper.cfbundle; includeInIndex = 0; path = "Tests macOS.xctest"; sourceTree = BUILT_PRODUCTS_DIR; };
		6E675E8A25CEFE1B002D8D98 /* Tests_macOS.swift */ = {isa = PBXFileReference; lastKnownFileType = sourcecode.swift; path = Tests_macOS.swift; sourceTree = "<group>"; };
		6E675E8C25CEFE1B002D8D98 /* Info.plist */ = {isa = PBXFileReference; lastKnownFileType = text.plist.xml; path = Info.plist; sourceTree = "<group>"; };
		6E8C0DC125D34E1E006C399E /* ChallengeType.swift */ = {isa = PBXFileReference; lastKnownFileType = sourcecode.swift; path = ChallengeType.swift; sourceTree = "<group>"; };
		6E8C0DC825D34E6B006C399E /* Language.swift */ = {isa = PBXFileReference; lastKnownFileType = sourcecode.swift; path = Language.swift; sourceTree = "<group>"; };
		6E96204F25F24EA200E4278B /* DefaultsProtocol.swift */ = {isa = PBXFileReference; lastKnownFileType = sourcecode.swift; path = DefaultsProtocol.swift; sourceTree = "<group>"; };
		6E9BADAF260029E900E32924 /* Screen.swift */ = {isa = PBXFileReference; fileEncoding = 4; lastKnownFileType = sourcecode.swift; path = Screen.swift; sourceTree = "<group>"; };
		6EB3817F25D5D5DA00114B83 /* Speech.swift */ = {isa = PBXFileReference; lastKnownFileType = sourcecode.swift; path = Speech.swift; sourceTree = "<group>"; };
		6EB3818B25D5D5FF00114B83 /* Voices.swift */ = {isa = PBXFileReference; lastKnownFileType = sourcecode.swift; path = Voices.swift; sourceTree = "<group>"; };
		6EB3819625D5D68900114B83 /* VoiceHandler.swift */ = {isa = PBXFileReference; lastKnownFileType = sourcecode.swift; path = VoiceHandler.swift; sourceTree = "<group>"; };
		6EB381A525D5D70900114B83 /* SpeechBlacklist.swift */ = {isa = PBXFileReference; lastKnownFileType = sourcecode.swift; path = SpeechBlacklist.swift; sourceTree = "<group>"; };
		6EC81A9C260AB1400029854B /* ImageCache.swift */ = {isa = PBXFileReference; lastKnownFileType = sourcecode.swift; path = ImageCache.swift; sourceTree = "<group>"; };
		6EE81CA825D89D6800667CE5 /* Lexicon.swift */ = {isa = PBXFileReference; lastKnownFileType = sourcecode.swift; path = Lexicon.swift; sourceTree = "<group>"; };
		6EE81CB025D89DCA00667CE5 /* EnglishLexicon.swift */ = {isa = PBXFileReference; lastKnownFileType = sourcecode.swift; path = EnglishLexicon.swift; sourceTree = "<group>"; };
		6EE81CB725D89DD900667CE5 /* ForeignLexicon.swift */ = {isa = PBXFileReference; lastKnownFileType = sourcecode.swift; path = ForeignLexicon.swift; sourceTree = "<group>"; };
		6EE81CC825D89E4E00667CE5 /* ForeignNoun.swift */ = {isa = PBXFileReference; lastKnownFileType = sourcecode.swift; path = ForeignNoun.swift; sourceTree = "<group>"; };
		6EE81CCF25D89E7F00667CE5 /* ForeignWord.swift */ = {isa = PBXFileReference; lastKnownFileType = sourcecode.swift; path = ForeignWord.swift; sourceTree = "<group>"; };
		6EE81CD625D89E9300667CE5 /* Word.swift */ = {isa = PBXFileReference; lastKnownFileType = sourcecode.swift; path = Word.swift; sourceTree = "<group>"; };
		6EE81CDD25D89EAB00667CE5 /* EnglishNoun.swift */ = {isa = PBXFileReference; lastKnownFileType = sourcecode.swift; path = EnglishNoun.swift; sourceTree = "<group>"; };
		6EE81CE425D89EC000667CE5 /* EnglishWord.swift */ = {isa = PBXFileReference; lastKnownFileType = sourcecode.swift; path = EnglishWord.swift; sourceTree = "<group>"; };
		6EEAF949260B2EE4005EE9CC /* ImageExtension.swift */ = {isa = PBXFileReference; lastKnownFileType = sourcecode.swift; path = ImageExtension.swift; sourceTree = "<group>"; };
		6EF4E3DF25D4A47A00CDCC40 /* AppConstants.swift */ = {isa = PBXFileReference; lastKnownFileType = sourcecode.swift; path = AppConstants.swift; sourceTree = "<group>"; };
		6EF4E3E625D4A48D00CDCC40 /* Hiragana.swift */ = {isa = PBXFileReference; lastKnownFileType = sourcecode.swift; path = Hiragana.swift; sourceTree = "<group>"; };
		6EF4E3ED25D4A49F00CDCC40 /* HiraganaRow.swift */ = {isa = PBXFileReference; lastKnownFileType = sourcecode.swift; path = HiraganaRow.swift; sourceTree = "<group>"; };
		6EF4E3F425D4A4CC00CDCC40 /* JapaneseCharacter.swift */ = {isa = PBXFileReference; lastKnownFileType = sourcecode.swift; path = JapaneseCharacter.swift; sourceTree = "<group>"; };
		6EF6178025EF910C0027354F /* DefaultsKeys.swift */ = {isa = PBXFileReference; lastKnownFileType = sourcecode.swift; path = DefaultsKeys.swift; sourceTree = "<group>"; };
/* End PBXFileReference section */

/* Begin PBXFrameworksBuildPhase section */
		6E675E6825CEFE1B002D8D98 /* Frameworks */ = {
			isa = PBXFrameworksBuildPhase;
			buildActionMask = 2147483647;
			files = (
				6E96204A25F23EC200E4278B /* SwiftPrint in Frameworks */,
			);
			runOnlyForDeploymentPostprocessing = 0;
		};
		6E675E7025CEFE1B002D8D98 /* Frameworks */ = {
			isa = PBXFrameworksBuildPhase;
			buildActionMask = 2147483647;
			files = (
				6E96205B25F24F4400E4278B /* SwiftPrint in Frameworks */,
			);
			runOnlyForDeploymentPostprocessing = 0;
		};
		6E675E7825CEFE1B002D8D98 /* Frameworks */ = {
			isa = PBXFrameworksBuildPhase;
			buildActionMask = 2147483647;
			files = (
			);
			runOnlyForDeploymentPostprocessing = 0;
		};
		6E675E8325CEFE1B002D8D98 /* Frameworks */ = {
			isa = PBXFrameworksBuildPhase;
			buildActionMask = 2147483647;
			files = (
			);
			runOnlyForDeploymentPostprocessing = 0;
		};
/* End PBXFrameworksBuildPhase section */

/* Begin PBXGroup section */
		6E07D51625D9717100310B17 /* Views */ = {
			isa = PBXGroup;
			children = (
				6E14EB9825F61412008800C6 /* NavigationLazyView.swift */,
				6E23CD0526041E9A00D022B2 /* MatrixView.swift */,
			);
			path = Views;
			sourceTree = "<group>";
		};
		6E07D52D25D9754A00310B17 /* Defaults */ = {
			isa = PBXGroup;
			children = (
				6E07D52625D9751D00310B17 /* Defaults.swift */,
				6EF6178025EF910C0027354F /* DefaultsKeys.swift */,
				6E96204F25F24EA200E4278B /* DefaultsProtocol.swift */,
				6E07D54A25D9774800310B17 /* Storable.swift */,
			);
			path = Defaults;
			sourceTree = "<group>";
		};
		6E10FF6725DDE40400F8EDBD /* Networking */ = {
			isa = PBXGroup;
			children = (
				6E24753425E867A900AC64B9 /* LexiconRequest.swift */,
				6E2B22D925DC899F001B8A77 /* Network.swift */,
				6E10FF6825DDE41F00F8EDBD /* UrlBuilder.swift */,
			);
			path = Networking;
			sourceTree = "<group>";
		};
		6E112BB725E719BE005CE59B /* Frameworks */ = {
			isa = PBXGroup;
			children = (
			);
			name = Frameworks;
			sourceTree = "<group>";
		};
		6E14EB7E25F6123D008800C6 /* Challenges */ = {
			isa = PBXGroup;
			children = (
				6E14EBAA25F616C1008800C6 /* ChallengeProtocol.swift */,
				6E14EB7F25F61255008800C6 /* Pick */,
			);
			path = Challenges;
			sourceTree = "<group>";
		};
		6E14EB7F25F61255008800C6 /* Pick */ = {
			isa = PBXGroup;
			children = (
				6E275D1525F7738D00617262 /* PickChallenge.swift */,
				6E275D1C25F774B700617262 /* PickChallengeState.swift */,
				6E0ECD452604CB4100AA223A /* PickChallengeBody.swift */,
				6E14EB8A25F61285008800C6 /* PickChallengeView.swift */,
				6E14EB9125F612B9008800C6 /* PickChallengeViewModel.swift */,
			);
			path = Pick;
			sourceTree = "<group>";
		};
		6E18FC2425D73E0A00EEEB42 /* Extensions */ = {
			isa = PBXGroup;
			children = (
				6E1BA93325FA07BD00D64435 /* ArrayExtension.swift */,
				6E18FC3025D73E3D00EEEB42 /* CharacterExtension.swift */,
				6E18FC2525D73E1E00EEEB42 /* StringExtension.swift */,
				6EEAF949260B2EE4005EE9CC /* ImageExtension.swift */,
			);
			path = Extensions;
			sourceTree = "<group>";
		};
		6E1B1D6625D4970B00F59F91 /* Source */ = {
			isa = PBXGroup;
			children = (
				6EE81C8525D89BD500667CE5 /* App */,
				6EF4E3DE25D4A46B00CDCC40 /* Constants */,
				6E18FC2425D73E0A00EEEB42 /* Extensions */,
				6E8C0DC025D34E09006C399E /* Models */,
				6E10FF6725DDE40400F8EDBD /* Networking */,
				6EB3817E25D5D5D000114B83 /* Utility */,
				6E07D51625D9717100310B17 /* Views */,
			);
			path = Source;
			sourceTree = "<group>";
		};
		6E5D632D25EEFD0F0062E564 /* Home */ = {
			isa = PBXGroup;
			children = (
				6E5D631325EEFB4E0062E564 /* HomeView.swift */,
				6E5D631A25EEFB580062E564 /* HomeViewModel.swift */,
				6E14EB7E25F6123D008800C6 /* Challenges */,
			);
			path = Home;
			sourceTree = "<group>";
		};
		6E675E5B25CEFE1A002D8D98 = {
			isa = PBXGroup;
			children = (
				6E675E6025CEFE1A002D8D98 /* Shared */,
				6E675E6D25CEFE1B002D8D98 /* iOS */,
				6E675E7425CEFE1B002D8D98 /* macOS */,
				6E675E7E25CEFE1B002D8D98 /* Tests iOS */,
				6E675E8925CEFE1B002D8D98 /* Tests macOS */,
				6E675E6C25CEFE1B002D8D98 /* Products */,
				6E112BB725E719BE005CE59B /* Frameworks */,
			);
			sourceTree = "<group>";
		};
		6E675E6025CEFE1A002D8D98 /* Shared */ = {
			isa = PBXGroup;
			children = (
				6E1B1D6625D4970B00F59F91 /* Source */,
				6E675E6625CEFE1B002D8D98 /* Assets.xcassets */,
			);
			path = Shared;
			sourceTree = "<group>";
		};
		6E675E6C25CEFE1B002D8D98 /* Products */ = {
			isa = PBXGroup;
			children = (
				6E675E6B25CEFE1B002D8D98 /* LanguagePractice.app */,
				6E675E7325CEFE1B002D8D98 /* LanguagePractice.app */,
				6E675E7B25CEFE1B002D8D98 /* Tests iOS.xctest */,
				6E675E8625CEFE1B002D8D98 /* Tests macOS.xctest */,
			);
			name = Products;
			sourceTree = "<group>";
		};
		6E675E6D25CEFE1B002D8D98 /* iOS */ = {
			isa = PBXGroup;
			children = (
				6E675E6E25CEFE1B002D8D98 /* Info.plist */,
				6E07D52E25D975B900310B17 /* iOSDefaults.swift */,
				6E55549B25D20674000565F2 /* PhoneTabView.swift */,
				6E9BADAF260029E900E32924 /* Screen.swift */,
			);
			path = iOS;
			sourceTree = "<group>";
		};
		6E675E7425CEFE1B002D8D98 /* macOS */ = {
			isa = PBXGroup;
			children = (
				6E675E7625CEFE1B002D8D98 /* macOS.entitlements */,
				6E675E7525CEFE1B002D8D98 /* Info.plist */,
				6E07D53925D975DF00310B17 /* MacDefaults.swift */,
				6E07D56125D988AC00310B17 /* MacDefaultsKeys.swift */,
				6E076A2326016E8D00043E35 /* MacHomeView.swift */,
				6E07D51725D971AF00310B17 /* SideMenuView.swift */,
			);
			path = macOS;
			sourceTree = "<group>";
		};
		6E675E7E25CEFE1B002D8D98 /* Tests iOS */ = {
			isa = PBXGroup;
			children = (
				6E675E7F25CEFE1B002D8D98 /* Tests_iOS.swift */,
				6E675E8125CEFE1B002D8D98 /* Info.plist */,
			);
			path = "Tests iOS";
			sourceTree = "<group>";
		};
		6E675E8925CEFE1B002D8D98 /* Tests macOS */ = {
			isa = PBXGroup;
			children = (
				6E675E8A25CEFE1B002D8D98 /* Tests_macOS.swift */,
				6E675E8C25CEFE1B002D8D98 /* Info.plist */,
			);
			path = "Tests macOS";
			sourceTree = "<group>";
		};
		6E8C0DC025D34E09006C399E /* Models */ = {
			isa = PBXGroup;
			children = (
				6E8C0DC125D34E1E006C399E /* ChallengeType.swift */,
				6E8C0DC825D34E6B006C399E /* Language.swift */,
				6E275D0525F61A2E00617262 /* Representation.swift */,
				6E55549425D2026A000565F2 /* Tab.swift */,
				6EE81CAF25D89DAD00667CE5 /* Lexicons */,
				6E1E8AA625F8B694008839BA /* Entry.swift */,
			);
			path = Models;
			sourceTree = "<group>";
		};
		6EB3817E25D5D5D000114B83 /* Utility */ = {
			isa = PBXGroup;
			children = (
				6EC81A9C260AB1400029854B /* ImageCache.swift */,
				6E112BA825E717BF005CE59B /* Logger.swift */,
				6E522F3A25F4079D00DA229C /* Persistence.swift */,
				6E07D52D25D9754A00310B17 /* Defaults */,
				6EB3818A25D5D5F400114B83 /* Speech */,
			);
			path = Utility;
			sourceTree = "<group>";
		};
		6EB3818A25D5D5F400114B83 /* Speech */ = {
			isa = PBXGroup;
			children = (
				6EB3817F25D5D5DA00114B83 /* Speech.swift */,
				6EB381A525D5D70900114B83 /* SpeechBlacklist.swift */,
				6EB3819625D5D68900114B83 /* VoiceHandler.swift */,
				6EB3818B25D5D5FF00114B83 /* Voices.swift */,
			);
			path = Speech;
			sourceTree = "<group>";
		};
		6EE81C8525D89BD500667CE5 /* App */ = {
			isa = PBXGroup;
			children = (
				6E675E6325CEFE1A002D8D98 /* LanguagePracticeApp.swift */,
				6E5D632D25EEFD0F0062E564 /* Home */,
			);
			path = App;
			sourceTree = "<group>";
		};
		6EE81CAF25D89DAD00667CE5 /* Lexicons */ = {
			isa = PBXGroup;
			children = (
				6EE81CA825D89D6800667CE5 /* Lexicon.swift */,
				6EE81CD625D89E9300667CE5 /* Word.swift */,
				6EE81CC625D89E3800667CE5 /* English */,
				6EE81CC725D89E3F00667CE5 /* Foreign */,
			);
			path = Lexicons;
			sourceTree = "<group>";
		};
		6EE81CC625D89E3800667CE5 /* English */ = {
			isa = PBXGroup;
			children = (
				6EE81CB025D89DCA00667CE5 /* EnglishLexicon.swift */,
				6EE81CDD25D89EAB00667CE5 /* EnglishNoun.swift */,
				6EE81CE425D89EC000667CE5 /* EnglishWord.swift */,
			);
			path = English;
			sourceTree = "<group>";
		};
		6EE81CC725D89E3F00667CE5 /* Foreign */ = {
			isa = PBXGroup;
			children = (
				6EE81CB725D89DD900667CE5 /* ForeignLexicon.swift */,
				6EE81CC825D89E4E00667CE5 /* ForeignNoun.swift */,
				6EE81CCF25D89E7F00667CE5 /* ForeignWord.swift */,
			);
			path = Foreign;
			sourceTree = "<group>";
		};
		6EF4E3DE25D4A46B00CDCC40 /* Constants */ = {
			isa = PBXGroup;
			children = (
				6EF4E3DF25D4A47A00CDCC40 /* AppConstants.swift */,
				6EF4E3E625D4A48D00CDCC40 /* Hiragana.swift */,
				6EF4E3ED25D4A49F00CDCC40 /* HiraganaRow.swift */,
				6EF4E3F425D4A4CC00CDCC40 /* JapaneseCharacter.swift */,
			);
			path = Constants;
			sourceTree = "<group>";
		};
/* End PBXGroup section */

/* Begin PBXNativeTarget section */
		6E675E6A25CEFE1B002D8D98 /* LanguagePractice (iOS) */ = {
			isa = PBXNativeTarget;
			buildConfigurationList = 6E675E9925CEFE1B002D8D98 /* Build configuration list for PBXNativeTarget "LanguagePractice (iOS)" */;
			buildPhases = (
				6E675E6725CEFE1B002D8D98 /* Sources */,
				6E675E6825CEFE1B002D8D98 /* Frameworks */,
				6E675E6925CEFE1B002D8D98 /* Resources */,
			);
			buildRules = (
			);
			dependencies = (
			);
			name = "LanguagePractice (iOS)";
			packageProductDependencies = (
				6E96204925F23EC200E4278B /* SwiftPrint */,
			);
			productName = "LanguagePractice (iOS)";
			productReference = 6E675E6B25CEFE1B002D8D98 /* LanguagePractice.app */;
			productType = "com.apple.product-type.application";
		};
		6E675E7225CEFE1B002D8D98 /* LanguagePractice (macOS) */ = {
			isa = PBXNativeTarget;
			buildConfigurationList = 6E675E9C25CEFE1B002D8D98 /* Build configuration list for PBXNativeTarget "LanguagePractice (macOS)" */;
			buildPhases = (
				6E675E6F25CEFE1B002D8D98 /* Sources */,
				6E675E7025CEFE1B002D8D98 /* Frameworks */,
				6E675E7125CEFE1B002D8D98 /* Resources */,
			);
			buildRules = (
			);
			dependencies = (
			);
			name = "LanguagePractice (macOS)";
			packageProductDependencies = (
				6E96205A25F24F4400E4278B /* SwiftPrint */,
			);
			productName = "LanguagePractice (macOS)";
			productReference = 6E675E7325CEFE1B002D8D98 /* LanguagePractice.app */;
			productType = "com.apple.product-type.application";
		};
		6E675E7A25CEFE1B002D8D98 /* Tests iOS */ = {
			isa = PBXNativeTarget;
			buildConfigurationList = 6E675E9F25CEFE1B002D8D98 /* Build configuration list for PBXNativeTarget "Tests iOS" */;
			buildPhases = (
				6E675E7725CEFE1B002D8D98 /* Sources */,
				6E675E7825CEFE1B002D8D98 /* Frameworks */,
				6E675E7925CEFE1B002D8D98 /* Resources */,
			);
			buildRules = (
			);
			dependencies = (
				6E675E7D25CEFE1B002D8D98 /* PBXTargetDependency */,
			);
			name = "Tests iOS";
			productName = "Tests iOS";
			productReference = 6E675E7B25CEFE1B002D8D98 /* Tests iOS.xctest */;
			productType = "com.apple.product-type.bundle.ui-testing";
		};
		6E675E8525CEFE1B002D8D98 /* Tests macOS */ = {
			isa = PBXNativeTarget;
			buildConfigurationList = 6E675EA225CEFE1B002D8D98 /* Build configuration list for PBXNativeTarget "Tests macOS" */;
			buildPhases = (
				6E675E8225CEFE1B002D8D98 /* Sources */,
				6E675E8325CEFE1B002D8D98 /* Frameworks */,
				6E675E8425CEFE1B002D8D98 /* Resources */,
			);
			buildRules = (
			);
			dependencies = (
				6E675E8825CEFE1B002D8D98 /* PBXTargetDependency */,
			);
			name = "Tests macOS";
			productName = "Tests macOS";
			productReference = 6E675E8625CEFE1B002D8D98 /* Tests macOS.xctest */;
			productType = "com.apple.product-type.bundle.ui-testing";
		};
/* End PBXNativeTarget section */

/* Begin PBXProject section */
		6E675E5C25CEFE1A002D8D98 /* Project object */ = {
			isa = PBXProject;
			attributes = {
				LastSwiftUpdateCheck = 1230;
				LastUpgradeCheck = 1230;
				TargetAttributes = {
					6E675E6A25CEFE1B002D8D98 = {
						CreatedOnToolsVersion = 12.3;
					};
					6E675E7225CEFE1B002D8D98 = {
						CreatedOnToolsVersion = 12.3;
					};
					6E675E7A25CEFE1B002D8D98 = {
						CreatedOnToolsVersion = 12.3;
						TestTargetID = 6E675E6A25CEFE1B002D8D98;
					};
					6E675E8525CEFE1B002D8D98 = {
						CreatedOnToolsVersion = 12.3;
						TestTargetID = 6E675E7225CEFE1B002D8D98;
					};
				};
			};
			buildConfigurationList = 6E675E5F25CEFE1A002D8D98 /* Build configuration list for PBXProject "LanguagePractice" */;
			compatibilityVersion = "Xcode 9.3";
			developmentRegion = en;
			hasScannedForEncodings = 0;
			knownRegions = (
				en,
				Base,
			);
			mainGroup = 6E675E5B25CEFE1A002D8D98;
			packageReferences = (
				6E96204825F23EC200E4278B /* XCRemoteSwiftPackageReference "SwiftPrint" */,
			);
			productRefGroup = 6E675E6C25CEFE1B002D8D98 /* Products */;
			projectDirPath = "";
			projectRoot = "";
			targets = (
				6E675E6A25CEFE1B002D8D98 /* LanguagePractice (iOS) */,
				6E675E7225CEFE1B002D8D98 /* LanguagePractice (macOS) */,
				6E675E7A25CEFE1B002D8D98 /* Tests iOS */,
				6E675E8525CEFE1B002D8D98 /* Tests macOS */,
			);
		};
/* End PBXProject section */

/* Begin PBXResourcesBuildPhase section */
		6E675E6925CEFE1B002D8D98 /* Resources */ = {
			isa = PBXResourcesBuildPhase;
			buildActionMask = 2147483647;
			files = (
				6E675E9525CEFE1B002D8D98 /* Assets.xcassets in Resources */,
			);
			runOnlyForDeploymentPostprocessing = 0;
		};
		6E675E7125CEFE1B002D8D98 /* Resources */ = {
			isa = PBXResourcesBuildPhase;
			buildActionMask = 2147483647;
			files = (
				6E675E9625CEFE1B002D8D98 /* Assets.xcassets in Resources */,
			);
			runOnlyForDeploymentPostprocessing = 0;
		};
		6E675E7925CEFE1B002D8D98 /* Resources */ = {
			isa = PBXResourcesBuildPhase;
			buildActionMask = 2147483647;
			files = (
			);
			runOnlyForDeploymentPostprocessing = 0;
		};
		6E675E8425CEFE1B002D8D98 /* Resources */ = {
			isa = PBXResourcesBuildPhase;
			buildActionMask = 2147483647;
			files = (
			);
			runOnlyForDeploymentPostprocessing = 0;
		};
/* End PBXResourcesBuildPhase section */

/* Begin PBXSourcesBuildPhase section */
		6E675E6725CEFE1B002D8D98 /* Sources */ = {
			isa = PBXSourcesBuildPhase;
			buildActionMask = 2147483647;
			files = (
				6E8C0DC225D34E1E006C399E /* ChallengeType.swift in Sources */,
				6E675E8F25CEFE1B002D8D98 /* LanguagePracticeApp.swift in Sources */,
				6E275D0625F61A2E00617262 /* Representation.swift in Sources */,
				6EE81CB125D89DCA00667CE5 /* EnglishLexicon.swift in Sources */,
				6EE81CB825D89DD900667CE5 /* ForeignLexicon.swift in Sources */,
				6E9BADB0260029E900E32924 /* Screen.swift in Sources */,
				6E07D54B25D9774800310B17 /* Storable.swift in Sources */,
				6E5D631425EEFB4E0062E564 /* HomeView.swift in Sources */,
				6EE81CDE25D89EAB00667CE5 /* EnglishNoun.swift in Sources */,
				6E14EB9225F612B9008800C6 /* PickChallengeViewModel.swift in Sources */,
				6E18FC3125D73E3D00EEEB42 /* CharacterExtension.swift in Sources */,
				6E10FF6925DDE41F00F8EDBD /* UrlBuilder.swift in Sources */,
				6EB381A625D5D70900114B83 /* SpeechBlacklist.swift in Sources */,
				6E55549525D2026A000565F2 /* Tab.swift in Sources */,
				6E0ECD462604CB4100AA223A /* PickChallengeBody.swift in Sources */,
				6E14EB8B25F61285008800C6 /* PickChallengeView.swift in Sources */,
				6E55549C25D20674000565F2 /* PhoneTabView.swift in Sources */,
				6E96205025F24EA200E4278B /* DefaultsProtocol.swift in Sources */,
				6EC81A9D260AB1400029854B /* ImageCache.swift in Sources */,
				6E07D52F25D975B900310B17 /* iOSDefaults.swift in Sources */,
				6E112BA925E717BF005CE59B /* Logger.swift in Sources */,
				6EF4E3E725D4A48D00CDCC40 /* Hiragana.swift in Sources */,
				6EE81CA925D89D6800667CE5 /* Lexicon.swift in Sources */,
				6E275D1625F7738D00617262 /* PickChallenge.swift in Sources */,
				6EF4E3F525D4A4CC00CDCC40 /* JapaneseCharacter.swift in Sources */,
				6E23CD0626041E9A00D022B2 /* MatrixView.swift in Sources */,
				6EE81CD725D89E9300667CE5 /* Word.swift in Sources */,
				6E1E8AA725F8B694008839BA /* Entry.swift in Sources */,
				6E18FC2625D73E1E00EEEB42 /* StringExtension.swift in Sources */,
				6E275D1D25F774B700617262 /* PickChallengeState.swift in Sources */,
				6EE81CC925D89E4E00667CE5 /* ForeignNoun.swift in Sources */,
				6EEAF94A260B2EE4005EE9CC /* ImageExtension.swift in Sources */,
				6EB3819725D5D68900114B83 /* VoiceHandler.swift in Sources */,
				6EE81CE525D89EC000667CE5 /* EnglishWord.swift in Sources */,
				6E5D631B25EEFB580062E564 /* HomeViewModel.swift in Sources */,
				6E522F3B25F4079D00DA229C /* Persistence.swift in Sources */,
				6E2B22DA25DC899F001B8A77 /* Network.swift in Sources */,
				6EB3818C25D5D5FF00114B83 /* Voices.swift in Sources */,
				6EF4E3EE25D4A49F00CDCC40 /* HiraganaRow.swift in Sources */,
				6EF6178125EF910C0027354F /* DefaultsKeys.swift in Sources */,
				6EB3818025D5D5DA00114B83 /* Speech.swift in Sources */,
				6E8C0DC925D34E6B006C399E /* Language.swift in Sources */,
				6E24753525E867A900AC64B9 /* LexiconRequest.swift in Sources */,
				6E14EB9925F61412008800C6 /* NavigationLazyView.swift in Sources */,
				6E07D52725D9751D00310B17 /* Defaults.swift in Sources */,
				6EE81CD025D89E7F00667CE5 /* ForeignWord.swift in Sources */,
				6EF4E3E025D4A47A00CDCC40 /* AppConstants.swift in Sources */,
				6E14EBAB25F616C1008800C6 /* ChallengeProtocol.swift in Sources */,
				6E1BA93425FA07BD00D64435 /* ArrayExtension.swift in Sources */,
			);
			runOnlyForDeploymentPostprocessing = 0;
		};
		6E675E6F25CEFE1B002D8D98 /* Sources */ = {
			isa = PBXSourcesBuildPhase;
			buildActionMask = 2147483647;
			files = (
				6EE81CAA25D89D6800667CE5 /* Lexicon.swift in Sources */,
				6EE81CD125D89E7F00667CE5 /* ForeignWord.swift in Sources */,
				6EF4E3E125D4A47A00CDCC40 /* AppConstants.swift in Sources */,
				6E14EB8C25F61285008800C6 /* PickChallengeView.swift in Sources */,
				6E14EBAC25F616C1008800C6 /* ChallengeProtocol.swift in Sources */,
				6EF4E3F625D4A4CC00CDCC40 /* JapaneseCharacter.swift in Sources */,
				6E24753625E867A900AC64B9 /* LexiconRequest.swift in Sources */,
				6E275D1E25F774B700617262 /* PickChallengeState.swift in Sources */,
				6E675E9025CEFE1B002D8D98 /* LanguagePracticeApp.swift in Sources */,
				6E10FF6A25DDE41F00F8EDBD /* UrlBuilder.swift in Sources */,
				6E07D54C25D9774800310B17 /* Storable.swift in Sources */,
				6E5D631525EEFB4E0062E564 /* HomeView.swift in Sources */,
				6E522F3C25F4079D00DA229C /* Persistence.swift in Sources */,
				6EEAF94B260B2EE4005EE9CC /* ImageExtension.swift in Sources */,
				6E14EB9325F612B9008800C6 /* PickChallengeViewModel.swift in Sources */,
				6EB3818125D5D5DA00114B83 /* Speech.swift in Sources */,
				6E18FC2725D73E1E00EEEB42 /* StringExtension.swift in Sources */,
				6E2B22DB25DC899F001B8A77 /* Network.swift in Sources */,
				6E275D1725F7738D00617262 /* PickChallenge.swift in Sources */,
				6EE81CB225D89DCA00667CE5 /* EnglishLexicon.swift in Sources */,
				6EC81A9E260AB1400029854B /* ImageCache.swift in Sources */,
				6EE81CB925D89DD900667CE5 /* ForeignLexicon.swift in Sources */,
				6E07D53A25D975DF00310B17 /* MacDefaults.swift in Sources */,
				6E076A2426016E8D00043E35 /* MacHomeView.swift in Sources */,
				6E112BAA25E717BF005CE59B /* Logger.swift in Sources */,
				6EB381A725D5D70900114B83 /* SpeechBlacklist.swift in Sources */,
				6E23CD0726041E9A00D022B2 /* MatrixView.swift in Sources */,
				6EB3818D25D5D5FF00114B83 /* Voices.swift in Sources */,
				6E0ECD472604CB4100AA223A /* PickChallengeBody.swift in Sources */,
				6E275D0725F61A2E00617262 /* Representation.swift in Sources */,
				6E96205125F24EA200E4278B /* DefaultsProtocol.swift in Sources */,
				6E5D631C25EEFB580062E564 /* HomeViewModel.swift in Sources */,
				6E18FC3225D73E3D00EEEB42 /* CharacterExtension.swift in Sources */,
				6E1E8AA825F8B694008839BA /* Entry.swift in Sources */,
				6EE81CCA25D89E4E00667CE5 /* ForeignNoun.swift in Sources */,
				6E1BA93525FA07BD00D64435 /* ArrayExtension.swift in Sources */,
				6EE81CDF25D89EAB00667CE5 /* EnglishNoun.swift in Sources */,
				6E55549625D2026A000565F2 /* Tab.swift in Sources */,
				6EF6178225EF910C0027354F /* DefaultsKeys.swift in Sources */,
				6EE81CD825D89E9300667CE5 /* Word.swift in Sources */,
				6E14EB9A25F61412008800C6 /* NavigationLazyView.swift in Sources */,
				6EE81CE625D89EC000667CE5 /* EnglishWord.swift in Sources */,
				6EB3819825D5D68900114B83 /* VoiceHandler.swift in Sources */,
				6E07D56225D988AC00310B17 /* MacDefaultsKeys.swift in Sources */,
				6E8C0DCA25D34E6B006C399E /* Language.swift in Sources */,
				6E07D51825D971AF00310B17 /* SideMenuView.swift in Sources */,
				6E8C0DC325D34E1E006C399E /* ChallengeType.swift in Sources */,
				6EF4E3EF25D4A49F00CDCC40 /* HiraganaRow.swift in Sources */,
				6E07D52825D9751D00310B17 /* Defaults.swift in Sources */,
				6EF4E3E825D4A48D00CDCC40 /* Hiragana.swift in Sources */,
			);
			runOnlyForDeploymentPostprocessing = 0;
		};
		6E675E7725CEFE1B002D8D98 /* Sources */ = {
			isa = PBXSourcesBuildPhase;
			buildActionMask = 2147483647;
			files = (
				6E675E8025CEFE1B002D8D98 /* Tests_iOS.swift in Sources */,
			);
			runOnlyForDeploymentPostprocessing = 0;
		};
		6E675E8225CEFE1B002D8D98 /* Sources */ = {
			isa = PBXSourcesBuildPhase;
			buildActionMask = 2147483647;
			files = (
				6E675E8B25CEFE1B002D8D98 /* Tests_macOS.swift in Sources */,
			);
			runOnlyForDeploymentPostprocessing = 0;
		};
/* End PBXSourcesBuildPhase section */

/* Begin PBXTargetDependency section */
		6E675E7D25CEFE1B002D8D98 /* PBXTargetDependency */ = {
			isa = PBXTargetDependency;
			target = 6E675E6A25CEFE1B002D8D98 /* LanguagePractice (iOS) */;
			targetProxy = 6E675E7C25CEFE1B002D8D98 /* PBXContainerItemProxy */;
		};
		6E675E8825CEFE1B002D8D98 /* PBXTargetDependency */ = {
			isa = PBXTargetDependency;
			target = 6E675E7225CEFE1B002D8D98 /* LanguagePractice (macOS) */;
			targetProxy = 6E675E8725CEFE1B002D8D98 /* PBXContainerItemProxy */;
		};
/* End PBXTargetDependency section */

/* Begin XCBuildConfiguration section */
		6E675E9725CEFE1B002D8D98 /* Debug */ = {
			isa = XCBuildConfiguration;
			buildSettings = {
				ALWAYS_SEARCH_USER_PATHS = NO;
				CLANG_ANALYZER_NONNULL = YES;
				CLANG_ANALYZER_NUMBER_OBJECT_CONVERSION = YES_AGGRESSIVE;
				CLANG_CXX_LANGUAGE_STANDARD = "gnu++14";
				CLANG_CXX_LIBRARY = "libc++";
				CLANG_ENABLE_MODULES = YES;
				CLANG_ENABLE_OBJC_ARC = YES;
				CLANG_ENABLE_OBJC_WEAK = YES;
				CLANG_WARN_BLOCK_CAPTURE_AUTORELEASING = YES;
				CLANG_WARN_BOOL_CONVERSION = YES;
				CLANG_WARN_COMMA = YES;
				CLANG_WARN_CONSTANT_CONVERSION = YES;
				CLANG_WARN_DEPRECATED_OBJC_IMPLEMENTATIONS = YES;
				CLANG_WARN_DIRECT_OBJC_ISA_USAGE = YES_ERROR;
				CLANG_WARN_DOCUMENTATION_COMMENTS = YES;
				CLANG_WARN_EMPTY_BODY = YES;
				CLANG_WARN_ENUM_CONVERSION = YES;
				CLANG_WARN_INFINITE_RECURSION = YES;
				CLANG_WARN_INT_CONVERSION = YES;
				CLANG_WARN_NON_LITERAL_NULL_CONVERSION = YES;
				CLANG_WARN_OBJC_IMPLICIT_RETAIN_SELF = YES;
				CLANG_WARN_OBJC_LITERAL_CONVERSION = YES;
				CLANG_WARN_OBJC_ROOT_CLASS = YES_ERROR;
				CLANG_WARN_QUOTED_INCLUDE_IN_FRAMEWORK_HEADER = YES;
				CLANG_WARN_RANGE_LOOP_ANALYSIS = YES;
				CLANG_WARN_STRICT_PROTOTYPES = YES;
				CLANG_WARN_SUSPICIOUS_MOVE = YES;
				CLANG_WARN_UNGUARDED_AVAILABILITY = YES_AGGRESSIVE;
				CLANG_WARN_UNREACHABLE_CODE = YES;
				CLANG_WARN__DUPLICATE_METHOD_MATCH = YES;
				COPY_PHASE_STRIP = NO;
				DEBUG_INFORMATION_FORMAT = dwarf;
				ENABLE_STRICT_OBJC_MSGSEND = YES;
				ENABLE_TESTABILITY = YES;
				GCC_C_LANGUAGE_STANDARD = gnu11;
				GCC_DYNAMIC_NO_PIC = NO;
				GCC_NO_COMMON_BLOCKS = YES;
				GCC_OPTIMIZATION_LEVEL = 0;
				GCC_PREPROCESSOR_DEFINITIONS = (
					"DEBUG=1",
					"$(inherited)",
				);
				GCC_WARN_64_TO_32_BIT_CONVERSION = YES;
				GCC_WARN_ABOUT_RETURN_TYPE = YES_ERROR;
				GCC_WARN_UNDECLARED_SELECTOR = YES;
				GCC_WARN_UNINITIALIZED_AUTOS = YES_AGGRESSIVE;
				GCC_WARN_UNUSED_FUNCTION = YES;
				GCC_WARN_UNUSED_VARIABLE = YES;
				MTL_ENABLE_DEBUG_INFO = INCLUDE_SOURCE;
				MTL_FAST_MATH = YES;
				ONLY_ACTIVE_ARCH = YES;
				OTHER_SWIFT_FLAGS = "-DJAPANESE";
				SWIFT_ACTIVE_COMPILATION_CONDITIONS = DEBUG;
				SWIFT_OPTIMIZATION_LEVEL = "-Onone";
			};
			name = Debug;
		};
		6E675E9825CEFE1B002D8D98 /* Release */ = {
			isa = XCBuildConfiguration;
			buildSettings = {
				ALWAYS_SEARCH_USER_PATHS = NO;
				CLANG_ANALYZER_NONNULL = YES;
				CLANG_ANALYZER_NUMBER_OBJECT_CONVERSION = YES_AGGRESSIVE;
				CLANG_CXX_LANGUAGE_STANDARD = "gnu++14";
				CLANG_CXX_LIBRARY = "libc++";
				CLANG_ENABLE_MODULES = YES;
				CLANG_ENABLE_OBJC_ARC = YES;
				CLANG_ENABLE_OBJC_WEAK = YES;
				CLANG_WARN_BLOCK_CAPTURE_AUTORELEASING = YES;
				CLANG_WARN_BOOL_CONVERSION = YES;
				CLANG_WARN_COMMA = YES;
				CLANG_WARN_CONSTANT_CONVERSION = YES;
				CLANG_WARN_DEPRECATED_OBJC_IMPLEMENTATIONS = YES;
				CLANG_WARN_DIRECT_OBJC_ISA_USAGE = YES_ERROR;
				CLANG_WARN_DOCUMENTATION_COMMENTS = YES;
				CLANG_WARN_EMPTY_BODY = YES;
				CLANG_WARN_ENUM_CONVERSION = YES;
				CLANG_WARN_INFINITE_RECURSION = YES;
				CLANG_WARN_INT_CONVERSION = YES;
				CLANG_WARN_NON_LITERAL_NULL_CONVERSION = YES;
				CLANG_WARN_OBJC_IMPLICIT_RETAIN_SELF = YES;
				CLANG_WARN_OBJC_LITERAL_CONVERSION = YES;
				CLANG_WARN_OBJC_ROOT_CLASS = YES_ERROR;
				CLANG_WARN_QUOTED_INCLUDE_IN_FRAMEWORK_HEADER = YES;
				CLANG_WARN_RANGE_LOOP_ANALYSIS = YES;
				CLANG_WARN_STRICT_PROTOTYPES = YES;
				CLANG_WARN_SUSPICIOUS_MOVE = YES;
				CLANG_WARN_UNGUARDED_AVAILABILITY = YES_AGGRESSIVE;
				CLANG_WARN_UNREACHABLE_CODE = YES;
				CLANG_WARN__DUPLICATE_METHOD_MATCH = YES;
				COPY_PHASE_STRIP = NO;
				DEBUG_INFORMATION_FORMAT = "dwarf-with-dsym";
				ENABLE_NS_ASSERTIONS = NO;
				ENABLE_STRICT_OBJC_MSGSEND = YES;
				GCC_C_LANGUAGE_STANDARD = gnu11;
				GCC_NO_COMMON_BLOCKS = YES;
				GCC_WARN_64_TO_32_BIT_CONVERSION = YES;
				GCC_WARN_ABOUT_RETURN_TYPE = YES_ERROR;
				GCC_WARN_UNDECLARED_SELECTOR = YES;
				GCC_WARN_UNINITIALIZED_AUTOS = YES_AGGRESSIVE;
				GCC_WARN_UNUSED_FUNCTION = YES;
				GCC_WARN_UNUSED_VARIABLE = YES;
				MTL_ENABLE_DEBUG_INFO = NO;
				MTL_FAST_MATH = YES;
				OTHER_SWIFT_FLAGS = "-DJAPANESE";
				SWIFT_COMPILATION_MODE = wholemodule;
				SWIFT_OPTIMIZATION_LEVEL = "-O";
			};
			name = Release;
		};
		6E675E9A25CEFE1B002D8D98 /* Debug */ = {
			isa = XCBuildConfiguration;
			buildSettings = {
				ASSETCATALOG_COMPILER_APPICON_NAME = AppIcon;
				ASSETCATALOG_COMPILER_GLOBAL_ACCENT_COLOR_NAME = AccentColor;
				CODE_SIGN_IDENTITY = "Apple Development";
				CODE_SIGN_STYLE = Automatic;
				DEVELOPMENT_TEAM = Z5W388L396;
				ENABLE_PREVIEWS = YES;
				INFOPLIST_FILE = iOS/Info.plist;
				IPHONEOS_DEPLOYMENT_TARGET = 14.0;
				LD_RUNPATH_SEARCH_PATHS = (
					"$(inherited)",
					"@executable_path/Frameworks",
				);
				OTHER_SWIFT_FLAGS = "-DJAPANESE";
				PRODUCT_BUNDLE_IDENTIFIER = com.optionaldev.LanguagePractice.japanese;
				PRODUCT_NAME = LanguagePractice;
				PROVISIONING_PROFILE_SPECIFIER = "";
				SDKROOT = iphoneos;
				SWIFT_VERSION = 5.0;
				TARGETED_DEVICE_FAMILY = "1,2";
			};
			name = Debug;
		};
		6E675E9B25CEFE1B002D8D98 /* Release */ = {
			isa = XCBuildConfiguration;
			buildSettings = {
				ASSETCATALOG_COMPILER_APPICON_NAME = AppIcon;
				ASSETCATALOG_COMPILER_GLOBAL_ACCENT_COLOR_NAME = AccentColor;
				CODE_SIGN_IDENTITY = "Apple Development";
				CODE_SIGN_STYLE = Automatic;
				DEVELOPMENT_TEAM = Z5W388L396;
				ENABLE_PREVIEWS = YES;
				INFOPLIST_FILE = iOS/Info.plist;
				IPHONEOS_DEPLOYMENT_TARGET = 14.0;
				LD_RUNPATH_SEARCH_PATHS = (
					"$(inherited)",
					"@executable_path/Frameworks",
				);
				OTHER_SWIFT_FLAGS = "-DJAPANESE";
				PRODUCT_BUNDLE_IDENTIFIER = com.optionaldev.LanguagePractice.japanese;
				PRODUCT_NAME = LanguagePractice;
				PROVISIONING_PROFILE_SPECIFIER = "";
				SDKROOT = iphoneos;
				SWIFT_VERSION = 5.0;
				TARGETED_DEVICE_FAMILY = "1,2";
				VALIDATE_PRODUCT = YES;
			};
			name = Release;
		};
		6E675E9D25CEFE1B002D8D98 /* Debug */ = {
			isa = XCBuildConfiguration;
			buildSettings = {
				ASSETCATALOG_COMPILER_APPICON_NAME = AppIcon;
				ASSETCATALOG_COMPILER_GLOBAL_ACCENT_COLOR_NAME = AccentColor;
				CODE_SIGN_ENTITLEMENTS = macOS/macOS.entitlements;
				CODE_SIGN_STYLE = Automatic;
				COMBINE_HIDPI_IMAGES = YES;
				DEVELOPMENT_TEAM = Z5W388L396;
				ENABLE_HARDENED_RUNTIME = NO;
				ENABLE_PREVIEWS = YES;
				INFOPLIST_FILE = macOS/Info.plist;
				LD_RUNPATH_SEARCH_PATHS = (
					"$(inherited)",
					"@executable_path/../Frameworks",
				);
				MACOSX_DEPLOYMENT_TARGET = 11.0;
				OTHER_SWIFT_FLAGS = "-DJAPANESE";
				PRODUCT_BUNDLE_IDENTIFIER = com.optionaldev.LanguagePractice.japanese;
				PRODUCT_NAME = LanguagePractice;
				SDKROOT = macosx;
				SWIFT_VERSION = 5.0;
			};
			name = Debug;
		};
		6E675E9E25CEFE1B002D8D98 /* Release */ = {
			isa = XCBuildConfiguration;
			buildSettings = {
				ASSETCATALOG_COMPILER_APPICON_NAME = AppIcon;
				ASSETCATALOG_COMPILER_GLOBAL_ACCENT_COLOR_NAME = AccentColor;
				CODE_SIGN_ENTITLEMENTS = macOS/macOS.entitlements;
				CODE_SIGN_STYLE = Automatic;
				COMBINE_HIDPI_IMAGES = YES;
				DEVELOPMENT_TEAM = Z5W388L396;
				ENABLE_HARDENED_RUNTIME = NO;
				ENABLE_PREVIEWS = YES;
				INFOPLIST_FILE = macOS/Info.plist;
				LD_RUNPATH_SEARCH_PATHS = (
					"$(inherited)",
					"@executable_path/../Frameworks",
				);
				MACOSX_DEPLOYMENT_TARGET = 11.0;
				OTHER_SWIFT_FLAGS = "-DJAPANESE";
				PRODUCT_BUNDLE_IDENTIFIER = com.optionaldev.LanguagePractice.japanese;
				PRODUCT_NAME = LanguagePractice;
				SDKROOT = macosx;
				SWIFT_VERSION = 5.0;
			};
			name = Release;
		};
		6E675EA025CEFE1B002D8D98 /* Debug */ = {
			isa = XCBuildConfiguration;
			buildSettings = {
				ALWAYS_EMBED_SWIFT_STANDARD_LIBRARIES = YES;
				CODE_SIGN_STYLE = Automatic;
				DEVELOPMENT_TEAM = Z5W388L396;
				INFOPLIST_FILE = "Tests iOS/Info.plist";
				IPHONEOS_DEPLOYMENT_TARGET = 14.3;
				LD_RUNPATH_SEARCH_PATHS = (
					"$(inherited)",
					"@executable_path/Frameworks",
					"@loader_path/Frameworks",
				);
				PRODUCT_BUNDLE_IDENTIFIER = "com.optionaldev.Tests-iOS";
				PRODUCT_NAME = "$(TARGET_NAME)";
				SDKROOT = iphoneos;
				SWIFT_VERSION = 5.0;
				TARGETED_DEVICE_FAMILY = "1,2";
				TEST_TARGET_NAME = "LanguagePractice (iOS)";
			};
			name = Debug;
		};
		6E675EA125CEFE1B002D8D98 /* Release */ = {
			isa = XCBuildConfiguration;
			buildSettings = {
				ALWAYS_EMBED_SWIFT_STANDARD_LIBRARIES = YES;
				CODE_SIGN_STYLE = Automatic;
				DEVELOPMENT_TEAM = Z5W388L396;
				INFOPLIST_FILE = "Tests iOS/Info.plist";
				IPHONEOS_DEPLOYMENT_TARGET = 14.3;
				LD_RUNPATH_SEARCH_PATHS = (
					"$(inherited)",
					"@executable_path/Frameworks",
					"@loader_path/Frameworks",
				);
				PRODUCT_BUNDLE_IDENTIFIER = "com.optionaldev.Tests-iOS";
				PRODUCT_NAME = "$(TARGET_NAME)";
				SDKROOT = iphoneos;
				SWIFT_VERSION = 5.0;
				TARGETED_DEVICE_FAMILY = "1,2";
				TEST_TARGET_NAME = "LanguagePractice (iOS)";
				VALIDATE_PRODUCT = YES;
			};
			name = Release;
		};
		6E675EA325CEFE1B002D8D98 /* Debug */ = {
			isa = XCBuildConfiguration;
			buildSettings = {
				ALWAYS_EMBED_SWIFT_STANDARD_LIBRARIES = YES;
				CODE_SIGN_STYLE = Automatic;
				COMBINE_HIDPI_IMAGES = YES;
				DEVELOPMENT_TEAM = Z5W388L396;
				INFOPLIST_FILE = "Tests macOS/Info.plist";
				LD_RUNPATH_SEARCH_PATHS = (
					"$(inherited)",
					"@executable_path/../Frameworks",
					"@loader_path/../Frameworks",
				);
				MACOSX_DEPLOYMENT_TARGET = 11.1;
				PRODUCT_BUNDLE_IDENTIFIER = "com.optionaldev.Tests-macOS";
				PRODUCT_NAME = "$(TARGET_NAME)";
				SDKROOT = macosx;
				SWIFT_VERSION = 5.0;
				TEST_TARGET_NAME = "LanguagePractice (macOS)";
			};
			name = Debug;
		};
		6E675EA425CEFE1B002D8D98 /* Release */ = {
			isa = XCBuildConfiguration;
			buildSettings = {
				ALWAYS_EMBED_SWIFT_STANDARD_LIBRARIES = YES;
				CODE_SIGN_STYLE = Automatic;
				COMBINE_HIDPI_IMAGES = YES;
				DEVELOPMENT_TEAM = Z5W388L396;
				INFOPLIST_FILE = "Tests macOS/Info.plist";
				LD_RUNPATH_SEARCH_PATHS = (
					"$(inherited)",
					"@executable_path/../Frameworks",
					"@loader_path/../Frameworks",
				);
				MACOSX_DEPLOYMENT_TARGET = 11.1;
				PRODUCT_BUNDLE_IDENTIFIER = "com.optionaldev.Tests-macOS";
				PRODUCT_NAME = "$(TARGET_NAME)";
				SDKROOT = macosx;
				SWIFT_VERSION = 5.0;
				TEST_TARGET_NAME = "LanguagePractice (macOS)";
			};
			name = Release;
		};
/* End XCBuildConfiguration section */

/* Begin XCConfigurationList section */
		6E675E5F25CEFE1A002D8D98 /* Build configuration list for PBXProject "LanguagePractice" */ = {
			isa = XCConfigurationList;
			buildConfigurations = (
				6E675E9725CEFE1B002D8D98 /* Debug */,
				6E675E9825CEFE1B002D8D98 /* Release */,
			);
			defaultConfigurationIsVisible = 0;
			defaultConfigurationName = Release;
		};
		6E675E9925CEFE1B002D8D98 /* Build configuration list for PBXNativeTarget "LanguagePractice (iOS)" */ = {
			isa = XCConfigurationList;
			buildConfigurations = (
				6E675E9A25CEFE1B002D8D98 /* Debug */,
				6E675E9B25CEFE1B002D8D98 /* Release */,
			);
			defaultConfigurationIsVisible = 0;
			defaultConfigurationName = Release;
		};
		6E675E9C25CEFE1B002D8D98 /* Build configuration list for PBXNativeTarget "LanguagePractice (macOS)" */ = {
			isa = XCConfigurationList;
			buildConfigurations = (
				6E675E9D25CEFE1B002D8D98 /* Debug */,
				6E675E9E25CEFE1B002D8D98 /* Release */,
			);
			defaultConfigurationIsVisible = 0;
			defaultConfigurationName = Release;
		};
		6E675E9F25CEFE1B002D8D98 /* Build configuration list for PBXNativeTarget "Tests iOS" */ = {
			isa = XCConfigurationList;
			buildConfigurations = (
				6E675EA025CEFE1B002D8D98 /* Debug */,
				6E675EA125CEFE1B002D8D98 /* Release */,
			);
			defaultConfigurationIsVisible = 0;
			defaultConfigurationName = Release;
		};
		6E675EA225CEFE1B002D8D98 /* Build configuration list for PBXNativeTarget "Tests macOS" */ = {
			isa = XCConfigurationList;
			buildConfigurations = (
				6E675EA325CEFE1B002D8D98 /* Debug */,
				6E675EA425CEFE1B002D8D98 /* Release */,
			);
			defaultConfigurationIsVisible = 0;
			defaultConfigurationName = Release;
		};
/* End XCConfigurationList section */

/* Begin XCRemoteSwiftPackageReference section */
		6E96204825F23EC200E4278B /* XCRemoteSwiftPackageReference "SwiftPrint" */ = {
			isa = XCRemoteSwiftPackageReference;
			repositoryURL = "https://github.com/optionaldev/SwiftPrint";
			requirement = {
				kind = exactVersion;
				version = 1.1.0;
			};
		};
/* End XCRemoteSwiftPackageReference section */

/* Begin XCSwiftPackageProductDependency section */
		6E96204925F23EC200E4278B /* SwiftPrint */ = {
			isa = XCSwiftPackageProductDependency;
			package = 6E96204825F23EC200E4278B /* XCRemoteSwiftPackageReference "SwiftPrint" */;
			productName = SwiftPrint;
		};
		6E96205A25F24F4400E4278B /* SwiftPrint */ = {
			isa = XCSwiftPackageProductDependency;
			package = 6E96204825F23EC200E4278B /* XCRemoteSwiftPackageReference "SwiftPrint" */;
			productName = SwiftPrint;
		};
/* End XCSwiftPackageProductDependency section */
	};
	rootObject = 6E675E5C25CEFE1A002D8D98 /* Project object */;
}
