// !$*UTF8*$!
{
	archiveVersion = 1;
	classes = {
	};
	objectVersion = 55;
	objects = {

/* Begin PBXBuildFile section */
		6E0FB70228539E40009EC09B /* HomeViewController.swift in Sources */ = {isa = PBXBuildFile; fileRef = 6E0FB70128539E40009EC09B /* HomeViewController.swift */; };
		6E0FB70428539E6C009EC09B /* LexiconViewController.swift in Sources */ = {isa = PBXBuildFile; fileRef = 6E0FB70328539E6C009EC09B /* LexiconViewController.swift */; };
		6E0FB70628539E9F009EC09B /* SettingsViewController.swift in Sources */ = {isa = PBXBuildFile; fileRef = 6E0FB70528539E9F009EC09B /* SettingsViewController.swift */; };
		6E0FB7082857C18C009EC09B /* Logger.swift in Sources */ = {isa = PBXBuildFile; fileRef = 6E0FB7072857C18C009EC09B /* Logger.swift */; };
		6E0FB70A2857C40E009EC09B /* UICollectionViewExtension.swift in Sources */ = {isa = PBXBuildFile; fileRef = 6E0FB7092857C40E009EC09B /* UICollectionViewExtension.swift */; };
		6E0FB70C2857C601009EC09B /* EntryType.swift in Sources */ = {isa = PBXBuildFile; fileRef = 6E0FB70B2857C601009EC09B /* EntryType.swift */; };
		6E0FB70E2857C764009EC09B /* HomeCell.swift in Sources */ = {isa = PBXBuildFile; fileRef = 6E0FB70D2857C764009EC09B /* HomeCell.swift */; };
		6E0FB7102857C988009EC09B /* Screen.swift in Sources */ = {isa = PBXBuildFile; fileRef = 6E0FB70F2857C988009EC09B /* Screen.swift */; };
		6E0FB712285BB123009EC09B /* QuizViewController.swift in Sources */ = {isa = PBXBuildFile; fileRef = 6E0FB711285BB123009EC09B /* QuizViewController.swift */; };
		6E0FB714285BB3A8009EC09B /* QuizOutputCell.swift in Sources */ = {isa = PBXBuildFile; fileRef = 6E0FB713285BB3A8009EC09B /* QuizOutputCell.swift */; };
		6E6E86712846B71200B346F4 /* AppDelegate.swift in Sources */ = {isa = PBXBuildFile; fileRef = 6E6E86702846B71200B346F4 /* AppDelegate.swift */; };
		6E6E86732846B71200B346F4 /* SceneDelegate.swift in Sources */ = {isa = PBXBuildFile; fileRef = 6E6E86722846B71200B346F4 /* SceneDelegate.swift */; };
		6E6E86752846B71200B346F4 /* TabBarController.swift in Sources */ = {isa = PBXBuildFile; fileRef = 6E6E86742846B71200B346F4 /* TabBarController.swift */; };
		6E6E867A2846B71300B346F4 /* Assets.xcassets in Resources */ = {isa = PBXBuildFile; fileRef = 6E6E86792846B71300B346F4 /* Assets.xcassets */; };
		6E6E867D2846B71300B346F4 /* LaunchScreen.storyboard in Resources */ = {isa = PBXBuildFile; fileRef = 6E6E867B2846B71300B346F4 /* LaunchScreen.storyboard */; };
		6E6E86882846B71300B346F4 /* LanguagePracticeTests.swift in Sources */ = {isa = PBXBuildFile; fileRef = 6E6E86872846B71300B346F4 /* LanguagePracticeTests.swift */; };
		6E6E86922846B71400B346F4 /* LanguagePracticeUITests.swift in Sources */ = {isa = PBXBuildFile; fileRef = 6E6E86912846B71400B346F4 /* LanguagePracticeUITests.swift */; };
		6E6E86942846B71400B346F4 /* LanguagePracticeUITestsLaunchTests.swift in Sources */ = {isa = PBXBuildFile; fileRef = 6E6E86932846B71400B346F4 /* LanguagePracticeUITestsLaunchTests.swift */; };
		6EF2920E284A9CB3003A24F9 /* SwiftPrint in Frameworks */ = {isa = PBXBuildFile; productRef = 6EF2920D284A9CB3003A24F9 /* SwiftPrint */; };
		6EF29211284A9CCF003A24F9 /* SwiftAnchoring in Frameworks */ = {isa = PBXBuildFile; productRef = 6EF29210284A9CCF003A24F9 /* SwiftAnchoring */; };
		6EF29213284E9F36003A24F9 /* BaseViewController.swift in Sources */ = {isa = PBXBuildFile; fileRef = 6EF29212284E9F36003A24F9 /* BaseViewController.swift */; };
/* End PBXBuildFile section */

/* Begin PBXContainerItemProxy section */
		6E6E86842846B71300B346F4 /* PBXContainerItemProxy */ = {
			isa = PBXContainerItemProxy;
			containerPortal = 6E6E86652846B71200B346F4 /* Project object */;
			proxyType = 1;
			remoteGlobalIDString = 6E6E866C2846B71200B346F4;
			remoteInfo = LanguagePractice;
		};
		6E6E868E2846B71400B346F4 /* PBXContainerItemProxy */ = {
			isa = PBXContainerItemProxy;
			containerPortal = 6E6E86652846B71200B346F4 /* Project object */;
			proxyType = 1;
			remoteGlobalIDString = 6E6E866C2846B71200B346F4;
			remoteInfo = LanguagePractice;
		};
/* End PBXContainerItemProxy section */

/* Begin PBXFileReference section */
		6E0FB70128539E40009EC09B /* HomeViewController.swift */ = {isa = PBXFileReference; lastKnownFileType = sourcecode.swift; path = HomeViewController.swift; sourceTree = "<group>"; };
		6E0FB70328539E6C009EC09B /* LexiconViewController.swift */ = {isa = PBXFileReference; lastKnownFileType = sourcecode.swift; path = LexiconViewController.swift; sourceTree = "<group>"; };
		6E0FB70528539E9F009EC09B /* SettingsViewController.swift */ = {isa = PBXFileReference; lastKnownFileType = sourcecode.swift; path = SettingsViewController.swift; sourceTree = "<group>"; };
		6E0FB7072857C18C009EC09B /* Logger.swift */ = {isa = PBXFileReference; lastKnownFileType = sourcecode.swift; path = Logger.swift; sourceTree = "<group>"; };
		6E0FB7092857C40E009EC09B /* UICollectionViewExtension.swift */ = {isa = PBXFileReference; lastKnownFileType = sourcecode.swift; path = UICollectionViewExtension.swift; sourceTree = "<group>"; };
		6E0FB70B2857C601009EC09B /* EntryType.swift */ = {isa = PBXFileReference; lastKnownFileType = sourcecode.swift; path = EntryType.swift; sourceTree = "<group>"; };
		6E0FB70D2857C764009EC09B /* HomeCell.swift */ = {isa = PBXFileReference; lastKnownFileType = sourcecode.swift; path = HomeCell.swift; sourceTree = "<group>"; };
		6E0FB70F2857C988009EC09B /* Screen.swift */ = {isa = PBXFileReference; lastKnownFileType = sourcecode.swift; path = Screen.swift; sourceTree = "<group>"; };
		6E0FB711285BB123009EC09B /* QuizViewController.swift */ = {isa = PBXFileReference; lastKnownFileType = sourcecode.swift; path = QuizViewController.swift; sourceTree = "<group>"; };
		6E0FB713285BB3A8009EC09B /* QuizOutputCell.swift */ = {isa = PBXFileReference; lastKnownFileType = sourcecode.swift; path = QuizOutputCell.swift; sourceTree = "<group>"; };
		6E6E866D2846B71200B346F4 /* LanguagePractice.app */ = {isa = PBXFileReference; explicitFileType = wrapper.application; includeInIndex = 0; path = LanguagePractice.app; sourceTree = BUILT_PRODUCTS_DIR; };
		6E6E86702846B71200B346F4 /* AppDelegate.swift */ = {isa = PBXFileReference; lastKnownFileType = sourcecode.swift; path = AppDelegate.swift; sourceTree = "<group>"; };
		6E6E86722846B71200B346F4 /* SceneDelegate.swift */ = {isa = PBXFileReference; lastKnownFileType = sourcecode.swift; path = SceneDelegate.swift; sourceTree = "<group>"; };
		6E6E86742846B71200B346F4 /* TabBarController.swift */ = {isa = PBXFileReference; lastKnownFileType = sourcecode.swift; path = TabBarController.swift; sourceTree = "<group>"; };
		6E6E86792846B71300B346F4 /* Assets.xcassets */ = {isa = PBXFileReference; lastKnownFileType = folder.assetcatalog; path = Assets.xcassets; sourceTree = "<group>"; };
		6E6E867C2846B71300B346F4 /* Base */ = {isa = PBXFileReference; lastKnownFileType = file.storyboard; name = Base; path = Base.lproj/LaunchScreen.storyboard; sourceTree = "<group>"; };
		6E6E867E2846B71300B346F4 /* Info.plist */ = {isa = PBXFileReference; lastKnownFileType = text.plist.xml; path = Info.plist; sourceTree = "<group>"; };
		6E6E86832846B71300B346F4 /* LanguagePracticeTests.xctest */ = {isa = PBXFileReference; explicitFileType = wrapper.cfbundle; includeInIndex = 0; path = LanguagePracticeTests.xctest; sourceTree = BUILT_PRODUCTS_DIR; };
		6E6E86872846B71300B346F4 /* LanguagePracticeTests.swift */ = {isa = PBXFileReference; lastKnownFileType = sourcecode.swift; path = LanguagePracticeTests.swift; sourceTree = "<group>"; };
		6E6E868D2846B71400B346F4 /* LanguagePracticeUITests.xctest */ = {isa = PBXFileReference; explicitFileType = wrapper.cfbundle; includeInIndex = 0; path = LanguagePracticeUITests.xctest; sourceTree = BUILT_PRODUCTS_DIR; };
		6E6E86912846B71400B346F4 /* LanguagePracticeUITests.swift */ = {isa = PBXFileReference; lastKnownFileType = sourcecode.swift; path = LanguagePracticeUITests.swift; sourceTree = "<group>"; };
		6E6E86932846B71400B346F4 /* LanguagePracticeUITestsLaunchTests.swift */ = {isa = PBXFileReference; lastKnownFileType = sourcecode.swift; path = LanguagePracticeUITestsLaunchTests.swift; sourceTree = "<group>"; };
		6EF29212284E9F36003A24F9 /* BaseViewController.swift */ = {isa = PBXFileReference; lastKnownFileType = sourcecode.swift; path = BaseViewController.swift; sourceTree = "<group>"; };
/* End PBXFileReference section */

/* Begin PBXFrameworksBuildPhase section */
		6E6E866A2846B71200B346F4 /* Frameworks */ = {
			isa = PBXFrameworksBuildPhase;
			buildActionMask = 2147483647;
			files = (
				6EF29211284A9CCF003A24F9 /* SwiftAnchoring in Frameworks */,
				6EF2920E284A9CB3003A24F9 /* SwiftPrint in Frameworks */,
			);
			runOnlyForDeploymentPostprocessing = 0;
		};
		6E6E86802846B71300B346F4 /* Frameworks */ = {
			isa = PBXFrameworksBuildPhase;
			buildActionMask = 2147483647;
			files = (
			);
			runOnlyForDeploymentPostprocessing = 0;
		};
		6E6E868A2846B71400B346F4 /* Frameworks */ = {
			isa = PBXFrameworksBuildPhase;
			buildActionMask = 2147483647;
			files = (
			);
			runOnlyForDeploymentPostprocessing = 0;
		};
/* End PBXFrameworksBuildPhase section */

/* Begin PBXGroup section */
		6E6E86642846B71200B346F4 = {
			isa = PBXGroup;
			children = (
				6E6E866F2846B71200B346F4 /* LanguagePractice */,
				6E6E86862846B71300B346F4 /* LanguagePracticeTests */,
				6E6E86902846B71400B346F4 /* LanguagePracticeUITests */,
				6E6E866E2846B71200B346F4 /* Products */,
			);
			sourceTree = "<group>";
		};
		6E6E866E2846B71200B346F4 /* Products */ = {
			isa = PBXGroup;
			children = (
				6E6E866D2846B71200B346F4 /* LanguagePractice.app */,
				6E6E86832846B71300B346F4 /* LanguagePracticeTests.xctest */,
				6E6E868D2846B71400B346F4 /* LanguagePracticeUITests.xctest */,
			);
			name = Products;
			sourceTree = "<group>";
		};
		6E6E866F2846B71200B346F4 /* LanguagePractice */ = {
			isa = PBXGroup;
			children = (
				6E6E86702846B71200B346F4 /* AppDelegate.swift */,
				6E6E86722846B71200B346F4 /* SceneDelegate.swift */,
				6E6E86742846B71200B346F4 /* TabBarController.swift */,
				6E6E86792846B71300B346F4 /* Assets.xcassets */,
				6E6E867B2846B71300B346F4 /* LaunchScreen.storyboard */,
				6E6E867E2846B71300B346F4 /* Info.plist */,
				6EF29212284E9F36003A24F9 /* BaseViewController.swift */,
				6E0FB70128539E40009EC09B /* HomeViewController.swift */,
				6E0FB70328539E6C009EC09B /* LexiconViewController.swift */,
				6E0FB70528539E9F009EC09B /* SettingsViewController.swift */,
				6E0FB7072857C18C009EC09B /* Logger.swift */,
				6E0FB7092857C40E009EC09B /* UICollectionViewExtension.swift */,
				6E0FB70B2857C601009EC09B /* EntryType.swift */,
				6E0FB70D2857C764009EC09B /* HomeCell.swift */,
				6E0FB70F2857C988009EC09B /* Screen.swift */,
				6E0FB711285BB123009EC09B /* QuizViewController.swift */,
				6E0FB713285BB3A8009EC09B /* QuizOutputCell.swift */,
			);
			path = LanguagePractice;
			sourceTree = "<group>";
		};
		6E6E86862846B71300B346F4 /* LanguagePracticeTests */ = {
			isa = PBXGroup;
			children = (
				6E6E86872846B71300B346F4 /* LanguagePracticeTests.swift */,
			);
			path = LanguagePracticeTests;
			sourceTree = "<group>";
		};
		6E6E86902846B71400B346F4 /* LanguagePracticeUITests */ = {
			isa = PBXGroup;
			children = (
				6E6E86912846B71400B346F4 /* LanguagePracticeUITests.swift */,
				6E6E86932846B71400B346F4 /* LanguagePracticeUITestsLaunchTests.swift */,
			);
			path = LanguagePracticeUITests;
			sourceTree = "<group>";
		};
/* End PBXGroup section */

/* Begin PBXNativeTarget section */
		6E6E866C2846B71200B346F4 /* LanguagePractice */ = {
			isa = PBXNativeTarget;
			buildConfigurationList = 6E6E86972846B71400B346F4 /* Build configuration list for PBXNativeTarget "LanguagePractice" */;
			buildPhases = (
				6E6E86692846B71200B346F4 /* Sources */,
				6E6E866A2846B71200B346F4 /* Frameworks */,
				6E6E866B2846B71200B346F4 /* Resources */,
			);
			buildRules = (
			);
			dependencies = (
			);
			name = LanguagePractice;
			packageProductDependencies = (
				6EF2920D284A9CB3003A24F9 /* SwiftPrint */,
				6EF29210284A9CCF003A24F9 /* SwiftAnchoring */,
			);
			productName = LanguagePractice;
			productReference = 6E6E866D2846B71200B346F4 /* LanguagePractice.app */;
			productType = "com.apple.product-type.application";
		};
		6E6E86822846B71300B346F4 /* LanguagePracticeTests */ = {
			isa = PBXNativeTarget;
			buildConfigurationList = 6E6E869A2846B71400B346F4 /* Build configuration list for PBXNativeTarget "LanguagePracticeTests" */;
			buildPhases = (
				6E6E867F2846B71300B346F4 /* Sources */,
				6E6E86802846B71300B346F4 /* Frameworks */,
				6E6E86812846B71300B346F4 /* Resources */,
			);
			buildRules = (
			);
			dependencies = (
				6E6E86852846B71300B346F4 /* PBXTargetDependency */,
			);
			name = LanguagePracticeTests;
			productName = LanguagePracticeTests;
			productReference = 6E6E86832846B71300B346F4 /* LanguagePracticeTests.xctest */;
			productType = "com.apple.product-type.bundle.unit-test";
		};
		6E6E868C2846B71400B346F4 /* LanguagePracticeUITests */ = {
			isa = PBXNativeTarget;
			buildConfigurationList = 6E6E869D2846B71400B346F4 /* Build configuration list for PBXNativeTarget "LanguagePracticeUITests" */;
			buildPhases = (
				6E6E86892846B71400B346F4 /* Sources */,
				6E6E868A2846B71400B346F4 /* Frameworks */,
				6E6E868B2846B71400B346F4 /* Resources */,
			);
			buildRules = (
			);
			dependencies = (
				6E6E868F2846B71400B346F4 /* PBXTargetDependency */,
			);
			name = LanguagePracticeUITests;
			productName = LanguagePracticeUITests;
			productReference = 6E6E868D2846B71400B346F4 /* LanguagePracticeUITests.xctest */;
			productType = "com.apple.product-type.bundle.ui-testing";
		};
/* End PBXNativeTarget section */

/* Begin PBXProject section */
		6E6E86652846B71200B346F4 /* Project object */ = {
			isa = PBXProject;
			attributes = {
				BuildIndependentTargetsInParallel = 1;
				LastSwiftUpdateCheck = 1310;
				LastUpgradeCheck = 1310;
				TargetAttributes = {
					6E6E866C2846B71200B346F4 = {
						CreatedOnToolsVersion = 13.1;
					};
					6E6E86822846B71300B346F4 = {
						CreatedOnToolsVersion = 13.1;
						TestTargetID = 6E6E866C2846B71200B346F4;
					};
					6E6E868C2846B71400B346F4 = {
						CreatedOnToolsVersion = 13.1;
						TestTargetID = 6E6E866C2846B71200B346F4;
					};
				};
			};
			buildConfigurationList = 6E6E86682846B71200B346F4 /* Build configuration list for PBXProject "LanguagePractice" */;
			compatibilityVersion = "Xcode 13.0";
			developmentRegion = en;
			hasScannedForEncodings = 0;
			knownRegions = (
				en,
				Base,
			);
			mainGroup = 6E6E86642846B71200B346F4;
			packageReferences = (
				6EF2920C284A9CB3003A24F9 /* XCRemoteSwiftPackageReference "SwiftPrint" */,
				6EF2920F284A9CCF003A24F9 /* XCRemoteSwiftPackageReference "SwiftAnchoring" */,
			);
			productRefGroup = 6E6E866E2846B71200B346F4 /* Products */;
			projectDirPath = "";
			projectRoot = "";
			targets = (
				6E6E866C2846B71200B346F4 /* LanguagePractice */,
				6E6E86822846B71300B346F4 /* LanguagePracticeTests */,
				6E6E868C2846B71400B346F4 /* LanguagePracticeUITests */,
			);
		};
/* End PBXProject section */

/* Begin PBXResourcesBuildPhase section */
		6E6E866B2846B71200B346F4 /* Resources */ = {
			isa = PBXResourcesBuildPhase;
			buildActionMask = 2147483647;
			files = (
				6E6E867D2846B71300B346F4 /* LaunchScreen.storyboard in Resources */,
				6E6E867A2846B71300B346F4 /* Assets.xcassets in Resources */,
			);
			runOnlyForDeploymentPostprocessing = 0;
		};
		6E6E86812846B71300B346F4 /* Resources */ = {
			isa = PBXResourcesBuildPhase;
			buildActionMask = 2147483647;
			files = (
			);
			runOnlyForDeploymentPostprocessing = 0;
		};
		6E6E868B2846B71400B346F4 /* Resources */ = {
			isa = PBXResourcesBuildPhase;
			buildActionMask = 2147483647;
			files = (
			);
			runOnlyForDeploymentPostprocessing = 0;
		};
/* End PBXResourcesBuildPhase section */

/* Begin PBXSourcesBuildPhase section */
		6E6E86692846B71200B346F4 /* Sources */ = {
			isa = PBXSourcesBuildPhase;
			buildActionMask = 2147483647;
			files = (
				6E0FB70228539E40009EC09B /* HomeViewController.swift in Sources */,
				6E0FB7102857C988009EC09B /* Screen.swift in Sources */,
				6E6E86752846B71200B346F4 /* TabBarController.swift in Sources */,
				6E0FB70628539E9F009EC09B /* SettingsViewController.swift in Sources */,
				6E0FB70E2857C764009EC09B /* HomeCell.swift in Sources */,
				6E0FB714285BB3A8009EC09B /* QuizOutputCell.swift in Sources */,
				6EF29213284E9F36003A24F9 /* BaseViewController.swift in Sources */,
				6E0FB70A2857C40E009EC09B /* UICollectionViewExtension.swift in Sources */,
				6E0FB70428539E6C009EC09B /* LexiconViewController.swift in Sources */,
				6E6E86712846B71200B346F4 /* AppDelegate.swift in Sources */,
				6E6E86732846B71200B346F4 /* SceneDelegate.swift in Sources */,
				6E0FB7082857C18C009EC09B /* Logger.swift in Sources */,
				6E0FB712285BB123009EC09B /* QuizViewController.swift in Sources */,
				6E0FB70C2857C601009EC09B /* EntryType.swift in Sources */,
			);
			runOnlyForDeploymentPostprocessing = 0;
		};
		6E6E867F2846B71300B346F4 /* Sources */ = {
			isa = PBXSourcesBuildPhase;
			buildActionMask = 2147483647;
			files = (
				6E6E86882846B71300B346F4 /* LanguagePracticeTests.swift in Sources */,
			);
			runOnlyForDeploymentPostprocessing = 0;
		};
		6E6E86892846B71400B346F4 /* Sources */ = {
			isa = PBXSourcesBuildPhase;
			buildActionMask = 2147483647;
			files = (
				6E6E86922846B71400B346F4 /* LanguagePracticeUITests.swift in Sources */,
				6E6E86942846B71400B346F4 /* LanguagePracticeUITestsLaunchTests.swift in Sources */,
			);
			runOnlyForDeploymentPostprocessing = 0;
		};
/* End PBXSourcesBuildPhase section */

/* Begin PBXTargetDependency section */
		6E6E86852846B71300B346F4 /* PBXTargetDependency */ = {
			isa = PBXTargetDependency;
			target = 6E6E866C2846B71200B346F4 /* LanguagePractice */;
			targetProxy = 6E6E86842846B71300B346F4 /* PBXContainerItemProxy */;
		};
		6E6E868F2846B71400B346F4 /* PBXTargetDependency */ = {
			isa = PBXTargetDependency;
			target = 6E6E866C2846B71200B346F4 /* LanguagePractice */;
			targetProxy = 6E6E868E2846B71400B346F4 /* PBXContainerItemProxy */;
		};
/* End PBXTargetDependency section */

/* Begin PBXVariantGroup section */
		6E6E867B2846B71300B346F4 /* LaunchScreen.storyboard */ = {
			isa = PBXVariantGroup;
			children = (
				6E6E867C2846B71300B346F4 /* Base */,
			);
			name = LaunchScreen.storyboard;
			sourceTree = "<group>";
		};
/* End PBXVariantGroup section */

/* Begin XCBuildConfiguration section */
		6E6E86952846B71400B346F4 /* Debug */ = {
			isa = XCBuildConfiguration;
			buildSettings = {
				ALWAYS_SEARCH_USER_PATHS = NO;
				CLANG_ANALYZER_NONNULL = YES;
				CLANG_ANALYZER_NUMBER_OBJECT_CONVERSION = YES_AGGRESSIVE;
				CLANG_CXX_LANGUAGE_STANDARD = "gnu++17";
				CLANG_CXX_LIBRARY = "libc++";
				CLANG_ENABLE_MODULES = YES;
				CLANG_ENABLE_OBJC_ARC = YES;
				CLANG_ENABLE_OBJC_WEAK = YES;
				CLANG_WARN_BLOCK_CAPTURE_AUTORELEASING = YES;
				CLANG_WARN_BOOL_CONVERSION = YES;
				CLANG_WARN_COMMA = YES;
				CLANG_WARN_CONSTANT_CONVERSION = YES;
				CLANG_WARN_DEPRECATED_OBJC_IMPLEMENTATIONS = YES;
				CLANG_WARN_DIRECT_OBJC_ISA_USAGE = YES_ERROR;
				CLANG_WARN_DOCUMENTATION_COMMENTS = YES;
				CLANG_WARN_EMPTY_BODY = YES;
				CLANG_WARN_ENUM_CONVERSION = YES;
				CLANG_WARN_INFINITE_RECURSION = YES;
				CLANG_WARN_INT_CONVERSION = YES;
				CLANG_WARN_NON_LITERAL_NULL_CONVERSION = YES;
				CLANG_WARN_OBJC_IMPLICIT_RETAIN_SELF = YES;
				CLANG_WARN_OBJC_LITERAL_CONVERSION = YES;
				CLANG_WARN_OBJC_ROOT_CLASS = YES_ERROR;
				CLANG_WARN_QUOTED_INCLUDE_IN_FRAMEWORK_HEADER = YES;
				CLANG_WARN_RANGE_LOOP_ANALYSIS = YES;
				CLANG_WARN_STRICT_PROTOTYPES = YES;
				CLANG_WARN_SUSPICIOUS_MOVE = YES;
				CLANG_WARN_UNGUARDED_AVAILABILITY = YES_AGGRESSIVE;
				CLANG_WARN_UNREACHABLE_CODE = YES;
				CLANG_WARN__DUPLICATE_METHOD_MATCH = YES;
				COPY_PHASE_STRIP = NO;
				DEBUG_INFORMATION_FORMAT = dwarf;
				ENABLE_STRICT_OBJC_MSGSEND = YES;
				ENABLE_TESTABILITY = YES;
				GCC_C_LANGUAGE_STANDARD = gnu11;
				GCC_DYNAMIC_NO_PIC = NO;
				GCC_NO_COMMON_BLOCKS = YES;
				GCC_OPTIMIZATION_LEVEL = 0;
				GCC_PREPROCESSOR_DEFINITIONS = (
					"DEBUG=1",
					"$(inherited)",
				);
				GCC_WARN_64_TO_32_BIT_CONVERSION = YES;
				GCC_WARN_ABOUT_RETURN_TYPE = YES_ERROR;
				GCC_WARN_UNDECLARED_SELECTOR = YES;
				GCC_WARN_UNINITIALIZED_AUTOS = YES_AGGRESSIVE;
				GCC_WARN_UNUSED_FUNCTION = YES;
				GCC_WARN_UNUSED_VARIABLE = YES;
				IPHONEOS_DEPLOYMENT_TARGET = 13.0;
				MTL_ENABLE_DEBUG_INFO = INCLUDE_SOURCE;
				MTL_FAST_MATH = YES;
				ONLY_ACTIVE_ARCH = YES;
				SDKROOT = iphoneos;
				SWIFT_ACTIVE_COMPILATION_CONDITIONS = DEBUG;
				SWIFT_OPTIMIZATION_LEVEL = "-Onone";
			};
			name = Debug;
		};
		6E6E86962846B71400B346F4 /* Release */ = {
			isa = XCBuildConfiguration;
			buildSettings = {
				ALWAYS_SEARCH_USER_PATHS = NO;
				CLANG_ANALYZER_NONNULL = YES;
				CLANG_ANALYZER_NUMBER_OBJECT_CONVERSION = YES_AGGRESSIVE;
				CLANG_CXX_LANGUAGE_STANDARD = "gnu++17";
				CLANG_CXX_LIBRARY = "libc++";
				CLANG_ENABLE_MODULES = YES;
				CLANG_ENABLE_OBJC_ARC = YES;
				CLANG_ENABLE_OBJC_WEAK = YES;
				CLANG_WARN_BLOCK_CAPTURE_AUTORELEASING = YES;
				CLANG_WARN_BOOL_CONVERSION = YES;
				CLANG_WARN_COMMA = YES;
				CLANG_WARN_CONSTANT_CONVERSION = YES;
				CLANG_WARN_DEPRECATED_OBJC_IMPLEMENTATIONS = YES;
				CLANG_WARN_DIRECT_OBJC_ISA_USAGE = YES_ERROR;
				CLANG_WARN_DOCUMENTATION_COMMENTS = YES;
				CLANG_WARN_EMPTY_BODY = YES;
				CLANG_WARN_ENUM_CONVERSION = YES;
				CLANG_WARN_INFINITE_RECURSION = YES;
				CLANG_WARN_INT_CONVERSION = YES;
				CLANG_WARN_NON_LITERAL_NULL_CONVERSION = YES;
				CLANG_WARN_OBJC_IMPLICIT_RETAIN_SELF = YES;
				CLANG_WARN_OBJC_LITERAL_CONVERSION = YES;
				CLANG_WARN_OBJC_ROOT_CLASS = YES_ERROR;
				CLANG_WARN_QUOTED_INCLUDE_IN_FRAMEWORK_HEADER = YES;
				CLANG_WARN_RANGE_LOOP_ANALYSIS = YES;
				CLANG_WARN_STRICT_PROTOTYPES = YES;
				CLANG_WARN_SUSPICIOUS_MOVE = YES;
				CLANG_WARN_UNGUARDED_AVAILABILITY = YES_AGGRESSIVE;
				CLANG_WARN_UNREACHABLE_CODE = YES;
				CLANG_WARN__DUPLICATE_METHOD_MATCH = YES;
				COPY_PHASE_STRIP = NO;
				DEBUG_INFORMATION_FORMAT = "dwarf-with-dsym";
				ENABLE_NS_ASSERTIONS = NO;
				ENABLE_STRICT_OBJC_MSGSEND = YES;
				GCC_C_LANGUAGE_STANDARD = gnu11;
				GCC_NO_COMMON_BLOCKS = YES;
				GCC_WARN_64_TO_32_BIT_CONVERSION = YES;
				GCC_WARN_ABOUT_RETURN_TYPE = YES_ERROR;
				GCC_WARN_UNDECLARED_SELECTOR = YES;
				GCC_WARN_UNINITIALIZED_AUTOS = YES_AGGRESSIVE;
				GCC_WARN_UNUSED_FUNCTION = YES;
				GCC_WARN_UNUSED_VARIABLE = YES;
				IPHONEOS_DEPLOYMENT_TARGET = 13.0;
				MTL_ENABLE_DEBUG_INFO = NO;
				MTL_FAST_MATH = YES;
				SDKROOT = iphoneos;
				SWIFT_COMPILATION_MODE = wholemodule;
				SWIFT_OPTIMIZATION_LEVEL = "-O";
				VALIDATE_PRODUCT = YES;
			};
			name = Release;
		};
		6E6E86982846B71400B346F4 /* Debug */ = {
			isa = XCBuildConfiguration;
			buildSettings = {
				ASSETCATALOG_COMPILER_APPICON_NAME = AppIcon;
				ASSETCATALOG_COMPILER_GLOBAL_ACCENT_COLOR_NAME = AccentColor;
				CODE_SIGN_STYLE = Automatic;
				CURRENT_PROJECT_VERSION = 1;
				GENERATE_INFOPLIST_FILE = YES;
				INFOPLIST_FILE = LanguagePractice/Info.plist;
				INFOPLIST_KEY_CFBundleDisplayName = Practice;
				INFOPLIST_KEY_UIApplicationSupportsIndirectInputEvents = YES;
				INFOPLIST_KEY_UILaunchStoryboardName = LaunchScreen;
				INFOPLIST_KEY_UISupportedInterfaceOrientations = "UIInterfaceOrientationPortrait UIInterfaceOrientationPortraitUpsideDown UIInterfaceOrientationLandscapeLeft UIInterfaceOrientationLandscapeRight";
				INFOPLIST_KEY_UISupportedInterfaceOrientations_iPad = "UIInterfaceOrientationPortrait UIInterfaceOrientationPortraitUpsideDown UIInterfaceOrientationLandscapeLeft UIInterfaceOrientationLandscapeRight";
				INFOPLIST_KEY_UISupportedInterfaceOrientations_iPhone = "UIInterfaceOrientationPortrait UIInterfaceOrientationLandscapeLeft UIInterfaceOrientationLandscapeRight";
				IPHONEOS_DEPLOYMENT_TARGET = 13.0;
				LD_RUNPATH_SEARCH_PATHS = (
					"$(inherited)",
					"@executable_path/Frameworks",
				);
				MARKETING_VERSION = 1.0;
				PRODUCT_BUNDLE_IDENTIFIER = com.optionaldev.LanguagePractice;
				PRODUCT_NAME = "$(TARGET_NAME)";
				SWIFT_EMIT_LOC_STRINGS = YES;
				SWIFT_VERSION = 5.0;
				TARGETED_DEVICE_FAMILY = "1,2";
			};
			name = Debug;
		};
		6E6E86992846B71400B346F4 /* Release */ = {
			isa = XCBuildConfiguration;
			buildSettings = {
				ASSETCATALOG_COMPILER_APPICON_NAME = AppIcon;
				ASSETCATALOG_COMPILER_GLOBAL_ACCENT_COLOR_NAME = AccentColor;
				CODE_SIGN_STYLE = Automatic;
				CURRENT_PROJECT_VERSION = 1;
				GENERATE_INFOPLIST_FILE = YES;
				INFOPLIST_FILE = LanguagePractice/Info.plist;
				INFOPLIST_KEY_CFBundleDisplayName = Practice;
				INFOPLIST_KEY_UIApplicationSupportsIndirectInputEvents = YES;
				INFOPLIST_KEY_UILaunchStoryboardName = LaunchScreen;
				INFOPLIST_KEY_UISupportedInterfaceOrientations = "UIInterfaceOrientationPortrait UIInterfaceOrientationPortraitUpsideDown UIInterfaceOrientationLandscapeLeft UIInterfaceOrientationLandscapeRight";
				INFOPLIST_KEY_UISupportedInterfaceOrientations_iPad = "UIInterfaceOrientationPortrait UIInterfaceOrientationPortraitUpsideDown UIInterfaceOrientationLandscapeLeft UIInterfaceOrientationLandscapeRight";
				INFOPLIST_KEY_UISupportedInterfaceOrientations_iPhone = "UIInterfaceOrientationPortrait UIInterfaceOrientationLandscapeLeft UIInterfaceOrientationLandscapeRight";
				IPHONEOS_DEPLOYMENT_TARGET = 13.0;
				LD_RUNPATH_SEARCH_PATHS = (
					"$(inherited)",
					"@executable_path/Frameworks",
				);
				MARKETING_VERSION = 1.0;
				PRODUCT_BUNDLE_IDENTIFIER = com.optionaldev.LanguagePractice;
				PRODUCT_NAME = "$(TARGET_NAME)";
				SWIFT_EMIT_LOC_STRINGS = YES;
				SWIFT_VERSION = 5.0;
				TARGETED_DEVICE_FAMILY = "1,2";
			};
			name = Release;
		};
		6E6E869B2846B71400B346F4 /* Debug */ = {
			isa = XCBuildConfiguration;
			buildSettings = {
				ALWAYS_EMBED_SWIFT_STANDARD_LIBRARIES = YES;
				BUNDLE_LOADER = "$(TEST_HOST)";
				CODE_SIGN_STYLE = Automatic;
				CURRENT_PROJECT_VERSION = 1;
				GENERATE_INFOPLIST_FILE = YES;
				IPHONEOS_DEPLOYMENT_TARGET = 13.0;
				LD_RUNPATH_SEARCH_PATHS = (
					"$(inherited)",
					"@executable_path/Frameworks",
					"@loader_path/Frameworks",
				);
				MARKETING_VERSION = 1.0;
				PRODUCT_BUNDLE_IDENTIFIER = com.optionaldev.LanguagePracticeTests;
				PRODUCT_NAME = "$(TARGET_NAME)";
				SWIFT_EMIT_LOC_STRINGS = NO;
				SWIFT_VERSION = 5.0;
				TARGETED_DEVICE_FAMILY = "1,2";
				TEST_HOST = "$(BUILT_PRODUCTS_DIR)/LanguagePractice.app/LanguagePractice";
			};
			name = Debug;
		};
		6E6E869C2846B71400B346F4 /* Release */ = {
			isa = XCBuildConfiguration;
			buildSettings = {
				ALWAYS_EMBED_SWIFT_STANDARD_LIBRARIES = YES;
				BUNDLE_LOADER = "$(TEST_HOST)";
				CODE_SIGN_STYLE = Automatic;
				CURRENT_PROJECT_VERSION = 1;
				GENERATE_INFOPLIST_FILE = YES;
				IPHONEOS_DEPLOYMENT_TARGET = 13.0;
				LD_RUNPATH_SEARCH_PATHS = (
					"$(inherited)",
					"@executable_path/Frameworks",
					"@loader_path/Frameworks",
				);
				MARKETING_VERSION = 1.0;
				PRODUCT_BUNDLE_IDENTIFIER = com.optionaldev.LanguagePracticeTests;
				PRODUCT_NAME = "$(TARGET_NAME)";
				SWIFT_EMIT_LOC_STRINGS = NO;
				SWIFT_VERSION = 5.0;
				TARGETED_DEVICE_FAMILY = "1,2";
				TEST_HOST = "$(BUILT_PRODUCTS_DIR)/LanguagePractice.app/LanguagePractice";
			};
			name = Release;
		};
		6E6E869E2846B71400B346F4 /* Debug */ = {
			isa = XCBuildConfiguration;
			buildSettings = {
				ALWAYS_EMBED_SWIFT_STANDARD_LIBRARIES = YES;
				CODE_SIGN_STYLE = Automatic;
				CURRENT_PROJECT_VERSION = 1;
				GENERATE_INFOPLIST_FILE = YES;
				LD_RUNPATH_SEARCH_PATHS = (
					"$(inherited)",
					"@executable_path/Frameworks",
					"@loader_path/Frameworks",
				);
				MARKETING_VERSION = 1.0;
				PRODUCT_BUNDLE_IDENTIFIER = com.optionaldev.LanguagePracticeUITests;
				PRODUCT_NAME = "$(TARGET_NAME)";
				SWIFT_EMIT_LOC_STRINGS = NO;
				SWIFT_VERSION = 5.0;
				TARGETED_DEVICE_FAMILY = "1,2";
				TEST_TARGET_NAME = LanguagePractice;
			};
			name = Debug;
		};
		6E6E869F2846B71400B346F4 /* Release */ = {
			isa = XCBuildConfiguration;
			buildSettings = {
				ALWAYS_EMBED_SWIFT_STANDARD_LIBRARIES = YES;
				CODE_SIGN_STYLE = Automatic;
				CURRENT_PROJECT_VERSION = 1;
				GENERATE_INFOPLIST_FILE = YES;
				LD_RUNPATH_SEARCH_PATHS = (
					"$(inherited)",
					"@executable_path/Frameworks",
					"@loader_path/Frameworks",
				);
				MARKETING_VERSION = 1.0;
				PRODUCT_BUNDLE_IDENTIFIER = com.optionaldev.LanguagePracticeUITests;
				PRODUCT_NAME = "$(TARGET_NAME)";
				SWIFT_EMIT_LOC_STRINGS = NO;
				SWIFT_VERSION = 5.0;
				TARGETED_DEVICE_FAMILY = "1,2";
				TEST_TARGET_NAME = LanguagePractice;
			};
			name = Release;
		};
/* End XCBuildConfiguration section */

/* Begin XCConfigurationList section */
		6E6E86682846B71200B346F4 /* Build configuration list for PBXProject "LanguagePractice" */ = {
			isa = XCConfigurationList;
			buildConfigurations = (
				6E6E86952846B71400B346F4 /* Debug */,
				6E6E86962846B71400B346F4 /* Release */,
			);
			defaultConfigurationIsVisible = 0;
			defaultConfigurationName = Release;
		};
		6E6E86972846B71400B346F4 /* Build configuration list for PBXNativeTarget "LanguagePractice" */ = {
			isa = XCConfigurationList;
			buildConfigurations = (
				6E6E86982846B71400B346F4 /* Debug */,
				6E6E86992846B71400B346F4 /* Release */,
			);
			defaultConfigurationIsVisible = 0;
			defaultConfigurationName = Release;
		};
		6E6E869A2846B71400B346F4 /* Build configuration list for PBXNativeTarget "LanguagePracticeTests" */ = {
			isa = XCConfigurationList;
			buildConfigurations = (
				6E6E869B2846B71400B346F4 /* Debug */,
				6E6E869C2846B71400B346F4 /* Release */,
			);
			defaultConfigurationIsVisible = 0;
			defaultConfigurationName = Release;
		};
		6E6E869D2846B71400B346F4 /* Build configuration list for PBXNativeTarget "LanguagePracticeUITests" */ = {
			isa = XCConfigurationList;
			buildConfigurations = (
				6E6E869E2846B71400B346F4 /* Debug */,
				6E6E869F2846B71400B346F4 /* Release */,
			);
			defaultConfigurationIsVisible = 0;
			defaultConfigurationName = Release;
		};
/* End XCConfigurationList section */

/* Begin XCRemoteSwiftPackageReference section */
		6EF2920C284A9CB3003A24F9 /* XCRemoteSwiftPackageReference "SwiftPrint" */ = {
			isa = XCRemoteSwiftPackageReference;
			repositoryURL = "https://github.com/optionaldev/SwiftPrint";
			requirement = {
				kind = upToNextMajorVersion;
				minimumVersion = 1.0.0;
			};
		};
		6EF2920F284A9CCF003A24F9 /* XCRemoteSwiftPackageReference "SwiftAnchoring" */ = {
			isa = XCRemoteSwiftPackageReference;
			repositoryURL = "https://github.com/optionaldev/SwiftAnchoring";
			requirement = {
				branch = main;
				kind = branch;
			};
		};
/* End XCRemoteSwiftPackageReference section */

/* Begin XCSwiftPackageProductDependency section */
		6EF2920D284A9CB3003A24F9 /* SwiftPrint */ = {
			isa = XCSwiftPackageProductDependency;
			package = 6EF2920C284A9CB3003A24F9 /* XCRemoteSwiftPackageReference "SwiftPrint" */;
			productName = SwiftPrint;
		};
		6EF29210284A9CCF003A24F9 /* SwiftAnchoring */ = {
			isa = XCSwiftPackageProductDependency;
			package = 6EF2920F284A9CCF003A24F9 /* XCRemoteSwiftPackageReference "SwiftAnchoring" */;
			productName = SwiftAnchoring;
		};
/* End XCSwiftPackageProductDependency section */
	};
	rootObject = 6E6E86652846B71200B346F4 /* Project object */;
}
